Microsoft Visual Studio Solution File, Format Version 12.00
# Visual Studio Version 17
VisualStudioVersion = 17.12.35707.178
MinimumVisualStudioVersion = 10.0.40219.1
Project("{8BC9CEB8-8B4A-11D0-8D11-00A0C91BC942}") = "BandTest", "BandTest\BandTest.vcxproj", "{9EEEDD2E-5EAA-494A-8F1F-F500C767B835}"
EndProject
Project("{8BC9CEB8-8B4A-11D0-8D11-00A0C91BC942}") = "BinkMovie", "BinkMovie\BinkMovie.vcxproj", "{2B266F0D-3682-466A-AF43-02AC72637A97}"
EndProject
Project("{8BC9CEB8-8B4A-11D0-8D11-00A0C91BC942}") = "Combat", "Combat\Combat.vcxproj", "{922AAF94-42CB-48DD-B767-DF8E9A635243}"
EndProject
Project("{059D6162-CD51-11D0-AE1F-00A0C90FFFC3}") = "GameSpy", "GameSpy\GameSpy.dsp", "{93D74BBE-94ED-4071-A408-31D2F56A35CE}"
EndProject
Project("{8BC9CEB8-8B4A-11D0-8D11-00A0C91BC942}") = "LevelEdit", "Tools\LevelEdit\LevelEdit.vcxproj", "{7413986F-F312-4AEE-BC64-AF811ED53117}"
EndProject
Project("{8BC9CEB8-8B4A-11D0-8D11-00A0C91BC942}") = "SControl", "SControl\SControl.vcxproj", "{D7723C49-7831-4DFF-A166-26E4158E53E9}"
EndProject
Project("{8BC9CEB8-8B4A-11D0-8D11-00A0C91BC942}") = "Scripts", "Scripts\Scripts.vcxproj", "{B6461499-6053-41B6-960E-03F5385722C7}"
EndProject
Project("{8BC9CEB8-8B4A-11D0-8D11-00A0C91BC942}") = "WWAudio", "WWAudio\WWAudio.vcxproj", "{BCFDC434-827A-44DF-B439-29D28298F6AA}"
EndProject
Project("{8BC9CEB8-8B4A-11D0-8D11-00A0C91BC942}") = "WWConfig", "Tools\WWConfig\WWConfig.vcxproj", "{280DFEB2-2FA0-4146-AA09-532C7D82E6AF}"
	ProjectSection(ProjectDependencies) = postProject
		{989D1310-CD48-40FB-9851-BBA30553CE35} = {989D1310-CD48-40FB-9851-BBA30553CE35}
		{B60BFEA1-CE6A-4573-8861-076861594D28} = {B60BFEA1-CE6A-4573-8861-076861594D28}
		{BCFDC434-827A-44DF-B439-29D28298F6AA} = {BCFDC434-827A-44DF-B439-29D28298F6AA}
	EndProjectSection
EndProject
Project("{8BC9CEB8-8B4A-11D0-8D11-00A0C91BC942}") = "WWCtrl", "Tools\WWCtrl\WWCtrl.vcxproj", "{E268C36C-34D4-4FC5-9657-ECC385CC76CD}"
EndProject
Project("{8BC9CEB8-8B4A-11D0-8D11-00A0C91BC942}") = "commando", "Commando\commando.vcxproj", "{0DE9539A-57DE-463C-B268-EE8AA8C8CDC4}"
EndProject
Project("{8BC9CEB8-8B4A-11D0-8D11-00A0C91BC942}") = "max2w3d", "Tools\max2w3d\max2w3d.vcxproj", "{78F579E2-9D62-40CD-A54D-634964E820C5}"
EndProject
Project("{8BC9CEB8-8B4A-11D0-8D11-00A0C91BC942}") = "ww3d2", "ww3d2\ww3d2.vcxproj", "{989D1310-CD48-40FB-9851-BBA30553CE35}"
EndProject
Project("{8BC9CEB8-8B4A-11D0-8D11-00A0C91BC942}") = "wwbitpack", "wwbitpack\wwbitpack.vcxproj", "{30C145C7-9ADD-4EA3-B161-4C692E49CADC}"
EndProject
Project("{8BC9CEB8-8B4A-11D0-8D11-00A0C91BC942}") = "wwdebug", "wwdebug\wwdebug.vcxproj", "{0A91FBE6-A88A-4C53-9E12-E63A654E8997}"
EndProject
Project("{8BC9CEB8-8B4A-11D0-8D11-00A0C91BC942}") = "wwlib", "wwlib\wwlib.vcxproj", "{A39CE337-407C-458D-A9A1-C4778F49D3B1}"
EndProject
Project("{8BC9CEB8-8B4A-11D0-8D11-00A0C91BC942}") = "wwmath", "WWMath\wwmath.vcxproj", "{5E143C2E-EE66-4821-A54B-4C0A1909A2CB}"
EndProject
Project("{8BC9CEB8-8B4A-11D0-8D11-00A0C91BC942}") = "wwnet", "wwnet\wwnet.vcxproj", "{B60BFEA1-CE6A-4573-8861-076861594D28}"
EndProject
Project("{8BC9CEB8-8B4A-11D0-8D11-00A0C91BC942}") = "wwphys", "wwphys\wwphys.vcxproj", "{66B1ACD5-10AC-4BBC-9E02-FF8A4340390F}"
EndProject
Project("{8BC9CEB8-8B4A-11D0-8D11-00A0C91BC942}") = "wwsaveload", "wwsaveload\wwsaveload.vcxproj", "{8A1878D5-2241-4123-863B-B50EB34D067F}"
EndProject
Project("{8BC9CEB8-8B4A-11D0-8D11-00A0C91BC942}") = "wwtranslatedb", "wwtranslatedb\wwtranslatedb.vcxproj", "{37060F5A-2960-4C32-B5AB-4EE9AD933D66}"
EndProject
Project("{8BC9CEB8-8B4A-11D0-8D11-00A0C91BC942}") = "wwui", "wwui\wwui.vcxproj", "{15CA3079-996B-44D2-A8C7-5D92279CFA74}"
EndProject
Project("{8BC9CEB8-8B4A-11D0-8D11-00A0C91BC942}") = "wwutil", "wwutil\wwutil.vcxproj", "{7B92626C-8C24-41AC-8B5B-934B704B7D97}"
EndProject
Global
	GlobalSection(SolutionConfigurationPlatforms) = preSolution
		Debug Compressed|x86 = Debug Compressed|x86
		Debug|x86 = Debug|x86
		DebugE|x86 = DebugE|x86
		GMax Hybrid|x86 = GMax Hybrid|x86
		GMax Release|x86 = GMax Release|x86
		Hybrid|x86 = Hybrid|x86
		mainMax4Hybrid|x86 = mainMax4Hybrid|x86
		Max4Release|x86 = Max4Release|x86
		Profile|x86 = Profile|x86
		ProfileE|x86 = ProfileE|x86
		Release|x86 = Release|x86
	EndGlobalSection
	GlobalSection(ProjectConfigurationPlatforms) = postSolution
		{9EEEDD2E-5EAA-494A-8F1F-F500C767B835}.Debug Compressed|x86.ActiveCfg = Debug|Win32
		{9EEEDD2E-5EAA-494A-8F1F-F500C767B835}.Debug Compressed|x86.Build.0 = Debug|Win32
		{9EEEDD2E-5EAA-494A-8F1F-F500C767B835}.Debug|x86.ActiveCfg = Debug|Win32
		{9EEEDD2E-5EAA-494A-8F1F-F500C767B835}.Debug|x86.Build.0 = Debug|Win32
		{9EEEDD2E-5EAA-494A-8F1F-F500C767B835}.DebugE|x86.ActiveCfg = Debug|Win32
		{9EEEDD2E-5EAA-494A-8F1F-F500C767B835}.DebugE|x86.Build.0 = Debug|Win32
		{9EEEDD2E-5EAA-494A-8F1F-F500C767B835}.GMax Hybrid|x86.ActiveCfg = Debug|Win32
		{9EEEDD2E-5EAA-494A-8F1F-F500C767B835}.GMax Hybrid|x86.Build.0 = Debug|Win32
		{9EEEDD2E-5EAA-494A-8F1F-F500C767B835}.GMax Release|x86.ActiveCfg = Release|Win32
		{9EEEDD2E-5EAA-494A-8F1F-F500C767B835}.GMax Release|x86.Build.0 = Release|Win32
		{9EEEDD2E-5EAA-494A-8F1F-F500C767B835}.Hybrid|x86.ActiveCfg = Debug|Win32
		{9EEEDD2E-5EAA-494A-8F1F-F500C767B835}.Hybrid|x86.Build.0 = Debug|Win32
		{9EEEDD2E-5EAA-494A-8F1F-F500C767B835}.mainMax4Hybrid|x86.ActiveCfg = Debug|Win32
		{9EEEDD2E-5EAA-494A-8F1F-F500C767B835}.mainMax4Hybrid|x86.Build.0 = Debug|Win32
		{9EEEDD2E-5EAA-494A-8F1F-F500C767B835}.Max4Release|x86.ActiveCfg = Release|Win32
		{9EEEDD2E-5EAA-494A-8F1F-F500C767B835}.Max4Release|x86.Build.0 = Release|Win32
		{9EEEDD2E-5EAA-494A-8F1F-F500C767B835}.Profile|x86.ActiveCfg = Profile|Win32
		{9EEEDD2E-5EAA-494A-8F1F-F500C767B835}.Profile|x86.Build.0 = Profile|Win32
		{9EEEDD2E-5EAA-494A-8F1F-F500C767B835}.ProfileE|x86.ActiveCfg = Profile|Win32
		{9EEEDD2E-5EAA-494A-8F1F-F500C767B835}.ProfileE|x86.Build.0 = Profile|Win32
		{9EEEDD2E-5EAA-494A-8F1F-F500C767B835}.Release|x86.ActiveCfg = Release|Win32
		{9EEEDD2E-5EAA-494A-8F1F-F500C767B835}.Release|x86.Build.0 = Release|Win32
		{2B266F0D-3682-466A-AF43-02AC72637A97}.Debug Compressed|x86.ActiveCfg = Debug|Win32
		{2B266F0D-3682-466A-AF43-02AC72637A97}.Debug Compressed|x86.Build.0 = Debug|Win32
		{2B266F0D-3682-466A-AF43-02AC72637A97}.Debug|x86.ActiveCfg = Debug|Win32
		{2B266F0D-3682-466A-AF43-02AC72637A97}.Debug|x86.Build.0 = Debug|Win32
		{2B266F0D-3682-466A-AF43-02AC72637A97}.DebugE|x86.ActiveCfg = Debug|Win32
		{2B266F0D-3682-466A-AF43-02AC72637A97}.DebugE|x86.Build.0 = Debug|Win32
		{2B266F0D-3682-466A-AF43-02AC72637A97}.GMax Hybrid|x86.ActiveCfg = Debug|Win32
		{2B266F0D-3682-466A-AF43-02AC72637A97}.GMax Hybrid|x86.Build.0 = Debug|Win32
		{2B266F0D-3682-466A-AF43-02AC72637A97}.GMax Release|x86.ActiveCfg = Release|Win32
		{2B266F0D-3682-466A-AF43-02AC72637A97}.GMax Release|x86.Build.0 = Release|Win32
		{2B266F0D-3682-466A-AF43-02AC72637A97}.Hybrid|x86.ActiveCfg = Debug|Win32
		{2B266F0D-3682-466A-AF43-02AC72637A97}.Hybrid|x86.Build.0 = Debug|Win32
		{2B266F0D-3682-466A-AF43-02AC72637A97}.mainMax4Hybrid|x86.ActiveCfg = Debug|Win32
		{2B266F0D-3682-466A-AF43-02AC72637A97}.mainMax4Hybrid|x86.Build.0 = Debug|Win32
		{2B266F0D-3682-466A-AF43-02AC72637A97}.Max4Release|x86.ActiveCfg = Release|Win32
		{2B266F0D-3682-466A-AF43-02AC72637A97}.Max4Release|x86.Build.0 = Release|Win32
		{2B266F0D-3682-466A-AF43-02AC72637A97}.Profile|x86.ActiveCfg = Profile|Win32
		{2B266F0D-3682-466A-AF43-02AC72637A97}.Profile|x86.Build.0 = Profile|Win32
		{2B266F0D-3682-466A-AF43-02AC72637A97}.ProfileE|x86.ActiveCfg = Profile|Win32
		{2B266F0D-3682-466A-AF43-02AC72637A97}.ProfileE|x86.Build.0 = Profile|Win32
		{2B266F0D-3682-466A-AF43-02AC72637A97}.Release|x86.ActiveCfg = Release|Win32
		{2B266F0D-3682-466A-AF43-02AC72637A97}.Release|x86.Build.0 = Release|Win32
		{922AAF94-42CB-48DD-B767-DF8E9A635243}.Debug Compressed|x86.ActiveCfg = Debug|Win32
		{922AAF94-42CB-48DD-B767-DF8E9A635243}.Debug Compressed|x86.Build.0 = Debug|Win32
		{922AAF94-42CB-48DD-B767-DF8E9A635243}.Debug|x86.ActiveCfg = Debug|Win32
		{922AAF94-42CB-48DD-B767-DF8E9A635243}.Debug|x86.Build.0 = Debug|Win32
		{922AAF94-42CB-48DD-B767-DF8E9A635243}.DebugE|x86.ActiveCfg = DebugE|Win32
		{922AAF94-42CB-48DD-B767-DF8E9A635243}.DebugE|x86.Build.0 = DebugE|Win32
		{922AAF94-42CB-48DD-B767-DF8E9A635243}.GMax Hybrid|x86.ActiveCfg = ProfileE|Win32
		{922AAF94-42CB-48DD-B767-DF8E9A635243}.GMax Hybrid|x86.Build.0 = ProfileE|Win32
		{922AAF94-42CB-48DD-B767-DF8E9A635243}.GMax Release|x86.ActiveCfg = Release|Win32
		{922AAF94-42CB-48DD-B767-DF8E9A635243}.GMax Release|x86.Build.0 = Release|Win32
		{922AAF94-42CB-48DD-B767-DF8E9A635243}.Hybrid|x86.ActiveCfg = ProfileE|Win32
		{922AAF94-42CB-48DD-B767-DF8E9A635243}.Hybrid|x86.Build.0 = ProfileE|Win32
		{922AAF94-42CB-48DD-B767-DF8E9A635243}.mainMax4Hybrid|x86.ActiveCfg = ProfileE|Win32
		{922AAF94-42CB-48DD-B767-DF8E9A635243}.mainMax4Hybrid|x86.Build.0 = ProfileE|Win32
		{922AAF94-42CB-48DD-B767-DF8E9A635243}.Max4Release|x86.ActiveCfg = Release|Win32
		{922AAF94-42CB-48DD-B767-DF8E9A635243}.Max4Release|x86.Build.0 = Release|Win32
		{922AAF94-42CB-48DD-B767-DF8E9A635243}.Profile|x86.ActiveCfg = Profile|Win32
		{922AAF94-42CB-48DD-B767-DF8E9A635243}.Profile|x86.Build.0 = Profile|Win32
		{922AAF94-42CB-48DD-B767-DF8E9A635243}.ProfileE|x86.ActiveCfg = ProfileE|Win32
		{922AAF94-42CB-48DD-B767-DF8E9A635243}.ProfileE|x86.Build.0 = ProfileE|Win32
		{922AAF94-42CB-48DD-B767-DF8E9A635243}.Release|x86.ActiveCfg = Release|Win32
		{922AAF94-42CB-48DD-B767-DF8E9A635243}.Release|x86.Build.0 = Release|Win32
		{7413986F-F312-4AEE-BC64-AF811ED53117}.Debug Compressed|x86.ActiveCfg = DebugE|Win32
		{7413986F-F312-4AEE-BC64-AF811ED53117}.Debug Compressed|x86.Build.0 = DebugE|Win32
		{7413986F-F312-4AEE-BC64-AF811ED53117}.Debug|x86.ActiveCfg = DebugE|Win32
		{7413986F-F312-4AEE-BC64-AF811ED53117}.Debug|x86.Build.0 = DebugE|Win32
		{7413986F-F312-4AEE-BC64-AF811ED53117}.DebugE|x86.ActiveCfg = DebugE|Win32
		{7413986F-F312-4AEE-BC64-AF811ED53117}.DebugE|x86.Build.0 = DebugE|Win32
		{7413986F-F312-4AEE-BC64-AF811ED53117}.GMax Hybrid|x86.ActiveCfg = ProfileE|Win32
		{7413986F-F312-4AEE-BC64-AF811ED53117}.GMax Hybrid|x86.Build.0 = ProfileE|Win32
		{7413986F-F312-4AEE-BC64-AF811ED53117}.GMax Release|x86.ActiveCfg = ProfileE|Win32
		{7413986F-F312-4AEE-BC64-AF811ED53117}.GMax Release|x86.Build.0 = ProfileE|Win32
		{7413986F-F312-4AEE-BC64-AF811ED53117}.Hybrid|x86.ActiveCfg = ProfileE|Win32
		{7413986F-F312-4AEE-BC64-AF811ED53117}.Hybrid|x86.Build.0 = ProfileE|Win32
		{7413986F-F312-4AEE-BC64-AF811ED53117}.mainMax4Hybrid|x86.ActiveCfg = ProfileE|Win32
		{7413986F-F312-4AEE-BC64-AF811ED53117}.mainMax4Hybrid|x86.Build.0 = ProfileE|Win32
		{7413986F-F312-4AEE-BC64-AF811ED53117}.Max4Release|x86.ActiveCfg = ProfileE|Win32
		{7413986F-F312-4AEE-BC64-AF811ED53117}.Max4Release|x86.Build.0 = ProfileE|Win32
		{7413986F-F312-4AEE-BC64-AF811ED53117}.Profile|x86.ActiveCfg = ProfileE|Win32
		{7413986F-F312-4AEE-BC64-AF811ED53117}.Profile|x86.Build.0 = ProfileE|Win32
		{7413986F-F312-4AEE-BC64-AF811ED53117}.ProfileE|x86.ActiveCfg = ProfileE|Win32
		{7413986F-F312-4AEE-BC64-AF811ED53117}.ProfileE|x86.Build.0 = ProfileE|Win32
		{7413986F-F312-4AEE-BC64-AF811ED53117}.Release|x86.ActiveCfg = ProfileE|Win32
		{7413986F-F312-4AEE-BC64-AF811ED53117}.Release|x86.Build.0 = ProfileE|Win32
		{D7723C49-7831-4DFF-A166-26E4158E53E9}.Debug Compressed|x86.ActiveCfg = Debug|Win32
		{D7723C49-7831-4DFF-A166-26E4158E53E9}.Debug Compressed|x86.Build.0 = Debug|Win32
		{D7723C49-7831-4DFF-A166-26E4158E53E9}.Debug|x86.ActiveCfg = Debug|Win32
		{D7723C49-7831-4DFF-A166-26E4158E53E9}.Debug|x86.Build.0 = Debug|Win32
		{D7723C49-7831-4DFF-A166-26E4158E53E9}.DebugE|x86.ActiveCfg = Debug|Win32
		{D7723C49-7831-4DFF-A166-26E4158E53E9}.DebugE|x86.Build.0 = Debug|Win32
		{D7723C49-7831-4DFF-A166-26E4158E53E9}.GMax Hybrid|x86.ActiveCfg = Release|Win32
		{D7723C49-7831-4DFF-A166-26E4158E53E9}.GMax Hybrid|x86.Build.0 = Release|Win32
		{D7723C49-7831-4DFF-A166-26E4158E53E9}.GMax Release|x86.ActiveCfg = Release|Win32
		{D7723C49-7831-4DFF-A166-26E4158E53E9}.GMax Release|x86.Build.0 = Release|Win32
		{D7723C49-7831-4DFF-A166-26E4158E53E9}.Hybrid|x86.ActiveCfg = Release|Win32
		{D7723C49-7831-4DFF-A166-26E4158E53E9}.Hybrid|x86.Build.0 = Release|Win32
		{D7723C49-7831-4DFF-A166-26E4158E53E9}.mainMax4Hybrid|x86.ActiveCfg = Release|Win32
		{D7723C49-7831-4DFF-A166-26E4158E53E9}.mainMax4Hybrid|x86.Build.0 = Release|Win32
		{D7723C49-7831-4DFF-A166-26E4158E53E9}.Max4Release|x86.ActiveCfg = Release|Win32
		{D7723C49-7831-4DFF-A166-26E4158E53E9}.Max4Release|x86.Build.0 = Release|Win32
		{D7723C49-7831-4DFF-A166-26E4158E53E9}.Profile|x86.ActiveCfg = Profile|Win32
		{D7723C49-7831-4DFF-A166-26E4158E53E9}.Profile|x86.Build.0 = Profile|Win32
		{D7723C49-7831-4DFF-A166-26E4158E53E9}.ProfileE|x86.ActiveCfg = Profile|Win32
		{D7723C49-7831-4DFF-A166-26E4158E53E9}.ProfileE|x86.Build.0 = Profile|Win32
		{D7723C49-7831-4DFF-A166-26E4158E53E9}.Release|x86.ActiveCfg = Release|Win32
		{D7723C49-7831-4DFF-A166-26E4158E53E9}.Release|x86.Build.0 = Release|Win32
		{B6461499-6053-41B6-960E-03F5385722C7}.Debug Compressed|x86.ActiveCfg = Debug|Win32
		{B6461499-6053-41B6-960E-03F5385722C7}.Debug Compressed|x86.Build.0 = Debug|Win32
		{B6461499-6053-41B6-960E-03F5385722C7}.Debug|x86.ActiveCfg = Debug|Win32
		{B6461499-6053-41B6-960E-03F5385722C7}.Debug|x86.Build.0 = Debug|Win32
		{B6461499-6053-41B6-960E-03F5385722C7}.DebugE|x86.ActiveCfg = Debug|Win32
		{B6461499-6053-41B6-960E-03F5385722C7}.DebugE|x86.Build.0 = Debug|Win32
		{B6461499-6053-41B6-960E-03F5385722C7}.GMax Hybrid|x86.ActiveCfg = Debug|Win32
		{B6461499-6053-41B6-960E-03F5385722C7}.GMax Hybrid|x86.Build.0 = Debug|Win32
		{B6461499-6053-41B6-960E-03F5385722C7}.GMax Release|x86.ActiveCfg = Release|Win32
		{B6461499-6053-41B6-960E-03F5385722C7}.GMax Release|x86.Build.0 = Release|Win32
		{B6461499-6053-41B6-960E-03F5385722C7}.Hybrid|x86.ActiveCfg = Debug|Win32
		{B6461499-6053-41B6-960E-03F5385722C7}.Hybrid|x86.Build.0 = Debug|Win32
		{B6461499-6053-41B6-960E-03F5385722C7}.mainMax4Hybrid|x86.ActiveCfg = Debug|Win32
		{B6461499-6053-41B6-960E-03F5385722C7}.mainMax4Hybrid|x86.Build.0 = Debug|Win32
		{B6461499-6053-41B6-960E-03F5385722C7}.Max4Release|x86.ActiveCfg = Release|Win32
		{B6461499-6053-41B6-960E-03F5385722C7}.Max4Release|x86.Build.0 = Release|Win32
		{B6461499-6053-41B6-960E-03F5385722C7}.Profile|x86.ActiveCfg = Profile|Win32
		{B6461499-6053-41B6-960E-03F5385722C7}.Profile|x86.Build.0 = Profile|Win32
		{B6461499-6053-41B6-960E-03F5385722C7}.ProfileE|x86.ActiveCfg = Profile|Win32
		{B6461499-6053-41B6-960E-03F5385722C7}.ProfileE|x86.Build.0 = Profile|Win32
		{B6461499-6053-41B6-960E-03F5385722C7}.Release|x86.ActiveCfg = Release|Win32
		{B6461499-6053-41B6-960E-03F5385722C7}.Release|x86.Build.0 = Release|Win32
		{BCFDC434-827A-44DF-B439-29D28298F6AA}.Debug Compressed|x86.ActiveCfg = Debug|Win32
		{BCFDC434-827A-44DF-B439-29D28298F6AA}.Debug Compressed|x86.Build.0 = Debug|Win32
		{BCFDC434-827A-44DF-B439-29D28298F6AA}.Debug|x86.ActiveCfg = Debug|Win32
		{BCFDC434-827A-44DF-B439-29D28298F6AA}.Debug|x86.Build.0 = Debug|Win32
		{BCFDC434-827A-44DF-B439-29D28298F6AA}.DebugE|x86.ActiveCfg = DebugE|Win32
		{BCFDC434-827A-44DF-B439-29D28298F6AA}.DebugE|x86.Build.0 = DebugE|Win32
		{BCFDC434-827A-44DF-B439-29D28298F6AA}.GMax Hybrid|x86.ActiveCfg = Profile|Win32
		{BCFDC434-827A-44DF-B439-29D28298F6AA}.GMax Hybrid|x86.Build.0 = Profile|Win32
		{BCFDC434-827A-44DF-B439-29D28298F6AA}.GMax Release|x86.ActiveCfg = Release|Win32
		{BCFDC434-827A-44DF-B439-29D28298F6AA}.GMax Release|x86.Build.0 = Release|Win32
		{BCFDC434-827A-44DF-B439-29D28298F6AA}.Hybrid|x86.ActiveCfg = Profile|Win32
		{BCFDC434-827A-44DF-B439-29D28298F6AA}.Hybrid|x86.Build.0 = Profile|Win32
		{BCFDC434-827A-44DF-B439-29D28298F6AA}.mainMax4Hybrid|x86.ActiveCfg = Profile|Win32
		{BCFDC434-827A-44DF-B439-29D28298F6AA}.mainMax4Hybrid|x86.Build.0 = Profile|Win32
		{BCFDC434-827A-44DF-B439-29D28298F6AA}.Max4Release|x86.ActiveCfg = Release|Win32
		{BCFDC434-827A-44DF-B439-29D28298F6AA}.Max4Release|x86.Build.0 = Release|Win32
		{BCFDC434-827A-44DF-B439-29D28298F6AA}.Profile|x86.ActiveCfg = Profile|Win32
		{BCFDC434-827A-44DF-B439-29D28298F6AA}.Profile|x86.Build.0 = Profile|Win32
		{BCFDC434-827A-44DF-B439-29D28298F6AA}.ProfileE|x86.ActiveCfg = ProfileE|Win32
		{BCFDC434-827A-44DF-B439-29D28298F6AA}.ProfileE|x86.Build.0 = ProfileE|Win32
		{BCFDC434-827A-44DF-B439-29D28298F6AA}.Release|x86.ActiveCfg = Release|Win32
		{BCFDC434-827A-44DF-B439-29D28298F6AA}.Release|x86.Build.0 = Release|Win32
		{280DFEB2-2FA0-4146-AA09-532C7D82E6AF}.Debug Compressed|x86.ActiveCfg = Debug|Win32
		{280DFEB2-2FA0-4146-AA09-532C7D82E6AF}.Debug Compressed|x86.Build.0 = Debug|Win32
		{280DFEB2-2FA0-4146-AA09-532C7D82E6AF}.Debug|x86.ActiveCfg = Debug|Win32
		{280DFEB2-2FA0-4146-AA09-532C7D82E6AF}.Debug|x86.Build.0 = Debug|Win32
		{280DFEB2-2FA0-4146-AA09-532C7D82E6AF}.DebugE|x86.ActiveCfg = Debug|Win32
		{280DFEB2-2FA0-4146-AA09-532C7D82E6AF}.DebugE|x86.Build.0 = Debug|Win32
		{280DFEB2-2FA0-4146-AA09-532C7D82E6AF}.GMax Hybrid|x86.ActiveCfg = Release|Win32
		{280DFEB2-2FA0-4146-AA09-532C7D82E6AF}.GMax Hybrid|x86.Build.0 = Release|Win32
		{280DFEB2-2FA0-4146-AA09-532C7D82E6AF}.GMax Release|x86.ActiveCfg = Release|Win32
		{280DFEB2-2FA0-4146-AA09-532C7D82E6AF}.GMax Release|x86.Build.0 = Release|Win32
		{280DFEB2-2FA0-4146-AA09-532C7D82E6AF}.Hybrid|x86.ActiveCfg = Release|Win32
		{280DFEB2-2FA0-4146-AA09-532C7D82E6AF}.Hybrid|x86.Build.0 = Release|Win32
		{280DFEB2-2FA0-4146-AA09-532C7D82E6AF}.mainMax4Hybrid|x86.ActiveCfg = Release|Win32
		{280DFEB2-2FA0-4146-AA09-532C7D82E6AF}.mainMax4Hybrid|x86.Build.0 = Release|Win32
		{280DFEB2-2FA0-4146-AA09-532C7D82E6AF}.Max4Release|x86.ActiveCfg = Release|Win32
		{280DFEB2-2FA0-4146-AA09-532C7D82E6AF}.Max4Release|x86.Build.0 = Release|Win32
		{280DFEB2-2FA0-4146-AA09-532C7D82E6AF}.Profile|x86.ActiveCfg = Release|Win32
		{280DFEB2-2FA0-4146-AA09-532C7D82E6AF}.Profile|x86.Build.0 = Release|Win32
		{280DFEB2-2FA0-4146-AA09-532C7D82E6AF}.ProfileE|x86.ActiveCfg = Release|Win32
		{280DFEB2-2FA0-4146-AA09-532C7D82E6AF}.ProfileE|x86.Build.0 = Release|Win32
		{280DFEB2-2FA0-4146-AA09-532C7D82E6AF}.Release|x86.ActiveCfg = Release|Win32
		{280DFEB2-2FA0-4146-AA09-532C7D82E6AF}.Release|x86.Build.0 = Release|Win32
		{E268C36C-34D4-4FC5-9657-ECC385CC76CD}.Debug Compressed|x86.ActiveCfg = Debug|Win32
		{E268C36C-34D4-4FC5-9657-ECC385CC76CD}.Debug Compressed|x86.Build.0 = Debug|Win32
		{E268C36C-34D4-4FC5-9657-ECC385CC76CD}.Debug|x86.ActiveCfg = Debug|Win32
		{E268C36C-34D4-4FC5-9657-ECC385CC76CD}.Debug|x86.Build.0 = Debug|Win32
		{E268C36C-34D4-4FC5-9657-ECC385CC76CD}.DebugE|x86.ActiveCfg = Debug|Win32
		{E268C36C-34D4-4FC5-9657-ECC385CC76CD}.DebugE|x86.Build.0 = Debug|Win32
		{E268C36C-34D4-4FC5-9657-ECC385CC76CD}.GMax Hybrid|x86.ActiveCfg = Debug|Win32
		{E268C36C-34D4-4FC5-9657-ECC385CC76CD}.GMax Hybrid|x86.Build.0 = Debug|Win32
		{E268C36C-34D4-4FC5-9657-ECC385CC76CD}.GMax Release|x86.ActiveCfg = Release|Win32
		{E268C36C-34D4-4FC5-9657-ECC385CC76CD}.GMax Release|x86.Build.0 = Release|Win32
		{E268C36C-34D4-4FC5-9657-ECC385CC76CD}.Hybrid|x86.ActiveCfg = Debug|Win32
		{E268C36C-34D4-4FC5-9657-ECC385CC76CD}.Hybrid|x86.Build.0 = Debug|Win32
		{E268C36C-34D4-4FC5-9657-ECC385CC76CD}.mainMax4Hybrid|x86.ActiveCfg = Debug|Win32
		{E268C36C-34D4-4FC5-9657-ECC385CC76CD}.mainMax4Hybrid|x86.Build.0 = Debug|Win32
		{E268C36C-34D4-4FC5-9657-ECC385CC76CD}.Max4Release|x86.ActiveCfg = Release|Win32
		{E268C36C-34D4-4FC5-9657-ECC385CC76CD}.Max4Release|x86.Build.0 = Release|Win32
		{E268C36C-34D4-4FC5-9657-ECC385CC76CD}.Profile|x86.ActiveCfg = Profile|Win32
		{E268C36C-34D4-4FC5-9657-ECC385CC76CD}.Profile|x86.Build.0 = Profile|Win32
		{E268C36C-34D4-4FC5-9657-ECC385CC76CD}.ProfileE|x86.ActiveCfg = Profile|Win32
		{E268C36C-34D4-4FC5-9657-ECC385CC76CD}.ProfileE|x86.Build.0 = Profile|Win32
		{E268C36C-34D4-4FC5-9657-ECC385CC76CD}.Release|x86.ActiveCfg = Release|Win32
		{E268C36C-34D4-4FC5-9657-ECC385CC76CD}.Release|x86.Build.0 = Release|Win32
		{0DE9539A-57DE-463C-B268-EE8AA8C8CDC4}.Debug Compressed|x86.ActiveCfg = Debug|Win32
		{0DE9539A-57DE-463C-B268-EE8AA8C8CDC4}.Debug Compressed|x86.Build.0 = Debug|Win32
		{0DE9539A-57DE-463C-B268-EE8AA8C8CDC4}.Debug|x86.ActiveCfg = Debug|Win32
		{0DE9539A-57DE-463C-B268-EE8AA8C8CDC4}.Debug|x86.Build.0 = Debug|Win32
		{0DE9539A-57DE-463C-B268-EE8AA8C8CDC4}.DebugE|x86.ActiveCfg = Debug|Win32
		{0DE9539A-57DE-463C-B268-EE8AA8C8CDC4}.DebugE|x86.Build.0 = Debug|Win32
		{0DE9539A-57DE-463C-B268-EE8AA8C8CDC4}.GMax Hybrid|x86.ActiveCfg = Debug|Win32
		{0DE9539A-57DE-463C-B268-EE8AA8C8CDC4}.GMax Hybrid|x86.Build.0 = Debug|Win32
		{0DE9539A-57DE-463C-B268-EE8AA8C8CDC4}.GMax Release|x86.ActiveCfg = Release|Win32
		{0DE9539A-57DE-463C-B268-EE8AA8C8CDC4}.GMax Release|x86.Build.0 = Release|Win32
		{0DE9539A-57DE-463C-B268-EE8AA8C8CDC4}.Hybrid|x86.ActiveCfg = Debug|Win32
		{0DE9539A-57DE-463C-B268-EE8AA8C8CDC4}.Hybrid|x86.Build.0 = Debug|Win32
		{0DE9539A-57DE-463C-B268-EE8AA8C8CDC4}.mainMax4Hybrid|x86.ActiveCfg = Debug|Win32
		{0DE9539A-57DE-463C-B268-EE8AA8C8CDC4}.mainMax4Hybrid|x86.Build.0 = Debug|Win32
		{0DE9539A-57DE-463C-B268-EE8AA8C8CDC4}.Max4Release|x86.ActiveCfg = Release|Win32
		{0DE9539A-57DE-463C-B268-EE8AA8C8CDC4}.Max4Release|x86.Build.0 = Release|Win32
		{0DE9539A-57DE-463C-B268-EE8AA8C8CDC4}.Profile|x86.ActiveCfg = Profile|Win32
		{0DE9539A-57DE-463C-B268-EE8AA8C8CDC4}.Profile|x86.Build.0 = Profile|Win32
		{0DE9539A-57DE-463C-B268-EE8AA8C8CDC4}.ProfileE|x86.ActiveCfg = Profile|Win32
		{0DE9539A-57DE-463C-B268-EE8AA8C8CDC4}.ProfileE|x86.Build.0 = Profile|Win32
		{0DE9539A-57DE-463C-B268-EE8AA8C8CDC4}.Release|x86.ActiveCfg = Release|Win32
		{0DE9539A-57DE-463C-B268-EE8AA8C8CDC4}.Release|x86.Build.0 = Release|Win32
		{78F579E2-9D62-40CD-A54D-634964E820C5}.Debug Compressed|x86.ActiveCfg = Debug|Win32
		{78F579E2-9D62-40CD-A54D-634964E820C5}.Debug Compressed|x86.Build.0 = Debug|Win32
		{78F579E2-9D62-40CD-A54D-634964E820C5}.Debug|x86.ActiveCfg = Debug|Win32
		{78F579E2-9D62-40CD-A54D-634964E820C5}.Debug|x86.Build.0 = Debug|Win32
		{78F579E2-9D62-40CD-A54D-634964E820C5}.DebugE|x86.ActiveCfg = Debug|Win32
		{78F579E2-9D62-40CD-A54D-634964E820C5}.DebugE|x86.Build.0 = Debug|Win32
		{78F579E2-9D62-40CD-A54D-634964E820C5}.GMax Hybrid|x86.ActiveCfg = GMax Hybrid|Win32
		{78F579E2-9D62-40CD-A54D-634964E820C5}.GMax Hybrid|x86.Build.0 = GMax Hybrid|Win32
		{78F579E2-9D62-40CD-A54D-634964E820C5}.GMax Release|x86.ActiveCfg = GMax Release|Win32
		{78F579E2-9D62-40CD-A54D-634964E820C5}.GMax Release|x86.Build.0 = GMax Release|Win32
		{78F579E2-9D62-40CD-A54D-634964E820C5}.Hybrid|x86.ActiveCfg = Hybrid|Win32
		{78F579E2-9D62-40CD-A54D-634964E820C5}.Hybrid|x86.Build.0 = Hybrid|Win32
		{78F579E2-9D62-40CD-A54D-634964E820C5}.mainMax4Hybrid|x86.ActiveCfg = mainMax4Hybrid|Win32
		{78F579E2-9D62-40CD-A54D-634964E820C5}.mainMax4Hybrid|x86.Build.0 = mainMax4Hybrid|Win32
		{78F579E2-9D62-40CD-A54D-634964E820C5}.Max4Release|x86.ActiveCfg = Max4Release|Win32
		{78F579E2-9D62-40CD-A54D-634964E820C5}.Max4Release|x86.Build.0 = Max4Release|Win32
		{78F579E2-9D62-40CD-A54D-634964E820C5}.Profile|x86.ActiveCfg = Hybrid|Win32
		{78F579E2-9D62-40CD-A54D-634964E820C5}.Profile|x86.Build.0 = Hybrid|Win32
		{78F579E2-9D62-40CD-A54D-634964E820C5}.ProfileE|x86.ActiveCfg = Hybrid|Win32
		{78F579E2-9D62-40CD-A54D-634964E820C5}.ProfileE|x86.Build.0 = Hybrid|Win32
		{78F579E2-9D62-40CD-A54D-634964E820C5}.Release|x86.ActiveCfg = Release|Win32
		{78F579E2-9D62-40CD-A54D-634964E820C5}.Release|x86.Build.0 = Release|Win32
		{989D1310-CD48-40FB-9851-BBA30553CE35}.Debug Compressed|x86.ActiveCfg = Debug Compressed|Win32
		{989D1310-CD48-40FB-9851-BBA30553CE35}.Debug Compressed|x86.Build.0 = Debug Compressed|Win32
		{989D1310-CD48-40FB-9851-BBA30553CE35}.Debug|x86.ActiveCfg = Debug|Win32
		{989D1310-CD48-40FB-9851-BBA30553CE35}.Debug|x86.Build.0 = Debug|Win32
		{989D1310-CD48-40FB-9851-BBA30553CE35}.DebugE|x86.ActiveCfg = DebugE|Win32
		{989D1310-CD48-40FB-9851-BBA30553CE35}.DebugE|x86.Build.0 = DebugE|Win32
		{989D1310-CD48-40FB-9851-BBA30553CE35}.GMax Hybrid|x86.ActiveCfg = Release|Win32
		{989D1310-CD48-40FB-9851-BBA30553CE35}.GMax Hybrid|x86.Build.0 = Release|Win32
		{989D1310-CD48-40FB-9851-BBA30553CE35}.GMax Release|x86.ActiveCfg = Release|Win32
		{989D1310-CD48-40FB-9851-BBA30553CE35}.GMax Release|x86.Build.0 = Release|Win32
		{989D1310-CD48-40FB-9851-BBA30553CE35}.Hybrid|x86.ActiveCfg = Release|Win32
		{989D1310-CD48-40FB-9851-BBA30553CE35}.Hybrid|x86.Build.0 = Release|Win32
		{989D1310-CD48-40FB-9851-BBA30553CE35}.mainMax4Hybrid|x86.ActiveCfg = Release|Win32
		{989D1310-CD48-40FB-9851-BBA30553CE35}.mainMax4Hybrid|x86.Build.0 = Release|Win32
		{989D1310-CD48-40FB-9851-BBA30553CE35}.Max4Release|x86.ActiveCfg = Release|Win32
		{989D1310-CD48-40FB-9851-BBA30553CE35}.Max4Release|x86.Build.0 = Release|Win32
		{989D1310-CD48-40FB-9851-BBA30553CE35}.Profile|x86.ActiveCfg = Profile|Win32
		{989D1310-CD48-40FB-9851-BBA30553CE35}.Profile|x86.Build.0 = Profile|Win32
		{989D1310-CD48-40FB-9851-BBA30553CE35}.ProfileE|x86.ActiveCfg = ProfileE|Win32
		{989D1310-CD48-40FB-9851-BBA30553CE35}.ProfileE|x86.Build.0 = ProfileE|Win32
		{989D1310-CD48-40FB-9851-BBA30553CE35}.Release|x86.ActiveCfg = Release|Win32
		{989D1310-CD48-40FB-9851-BBA30553CE35}.Release|x86.Build.0 = Release|Win32
		{30C145C7-9ADD-4EA3-B161-4C692E49CADC}.Debug Compressed|x86.ActiveCfg = Debug|Win32
		{30C145C7-9ADD-4EA3-B161-4C692E49CADC}.Debug Compressed|x86.Build.0 = Debug|Win32
		{30C145C7-9ADD-4EA3-B161-4C692E49CADC}.Debug|x86.ActiveCfg = Debug|Win32
		{30C145C7-9ADD-4EA3-B161-4C692E49CADC}.Debug|x86.Build.0 = Debug|Win32
		{30C145C7-9ADD-4EA3-B161-4C692E49CADC}.DebugE|x86.ActiveCfg = Debug|Win32
		{30C145C7-9ADD-4EA3-B161-4C692E49CADC}.DebugE|x86.Build.0 = Debug|Win32
		{30C145C7-9ADD-4EA3-B161-4C692E49CADC}.GMax Hybrid|x86.ActiveCfg = Debug|Win32
		{30C145C7-9ADD-4EA3-B161-4C692E49CADC}.GMax Hybrid|x86.Build.0 = Debug|Win32
		{30C145C7-9ADD-4EA3-B161-4C692E49CADC}.GMax Release|x86.ActiveCfg = Release|Win32
		{30C145C7-9ADD-4EA3-B161-4C692E49CADC}.GMax Release|x86.Build.0 = Release|Win32
		{30C145C7-9ADD-4EA3-B161-4C692E49CADC}.Hybrid|x86.ActiveCfg = Debug|Win32
		{30C145C7-9ADD-4EA3-B161-4C692E49CADC}.Hybrid|x86.Build.0 = Debug|Win32
		{30C145C7-9ADD-4EA3-B161-4C692E49CADC}.mainMax4Hybrid|x86.ActiveCfg = Debug|Win32
		{30C145C7-9ADD-4EA3-B161-4C692E49CADC}.mainMax4Hybrid|x86.Build.0 = Debug|Win32
		{30C145C7-9ADD-4EA3-B161-4C692E49CADC}.Max4Release|x86.ActiveCfg = Release|Win32
		{30C145C7-9ADD-4EA3-B161-4C692E49CADC}.Max4Release|x86.Build.0 = Release|Win32
		{30C145C7-9ADD-4EA3-B161-4C692E49CADC}.Profile|x86.ActiveCfg = Profile|Win32
		{30C145C7-9ADD-4EA3-B161-4C692E49CADC}.Profile|x86.Build.0 = Profile|Win32
		{30C145C7-9ADD-4EA3-B161-4C692E49CADC}.ProfileE|x86.ActiveCfg = Profile|Win32
		{30C145C7-9ADD-4EA3-B161-4C692E49CADC}.ProfileE|x86.Build.0 = Profile|Win32
		{30C145C7-9ADD-4EA3-B161-4C692E49CADC}.Release|x86.ActiveCfg = Release|Win32
		{30C145C7-9ADD-4EA3-B161-4C692E49CADC}.Release|x86.Build.0 = Release|Win32
		{0A91FBE6-A88A-4C53-9E12-E63A654E8997}.Debug Compressed|x86.ActiveCfg = Debug|Win32
		{0A91FBE6-A88A-4C53-9E12-E63A654E8997}.Debug Compressed|x86.Build.0 = Debug|Win32
		{0A91FBE6-A88A-4C53-9E12-E63A654E8997}.Debug|x86.ActiveCfg = Debug|Win32
		{0A91FBE6-A88A-4C53-9E12-E63A654E8997}.Debug|x86.Build.0 = Debug|Win32
		{0A91FBE6-A88A-4C53-9E12-E63A654E8997}.DebugE|x86.ActiveCfg = DebugE|Win32
		{0A91FBE6-A88A-4C53-9E12-E63A654E8997}.DebugE|x86.Build.0 = DebugE|Win32
		{0A91FBE6-A88A-4C53-9E12-E63A654E8997}.GMax Hybrid|x86.ActiveCfg = DebugE|Win32
		{0A91FBE6-A88A-4C53-9E12-E63A654E8997}.GMax Hybrid|x86.Build.0 = DebugE|Win32
		{0A91FBE6-A88A-4C53-9E12-E63A654E8997}.GMax Release|x86.ActiveCfg = Release|Win32
		{0A91FBE6-A88A-4C53-9E12-E63A654E8997}.GMax Release|x86.Build.0 = Release|Win32
		{0A91FBE6-A88A-4C53-9E12-E63A654E8997}.Hybrid|x86.ActiveCfg = DebugE|Win32
		{0A91FBE6-A88A-4C53-9E12-E63A654E8997}.Hybrid|x86.Build.0 = DebugE|Win32
		{0A91FBE6-A88A-4C53-9E12-E63A654E8997}.mainMax4Hybrid|x86.ActiveCfg = DebugE|Win32
		{0A91FBE6-A88A-4C53-9E12-E63A654E8997}.mainMax4Hybrid|x86.Build.0 = DebugE|Win32
		{0A91FBE6-A88A-4C53-9E12-E63A654E8997}.Max4Release|x86.ActiveCfg = Release|Win32
		{0A91FBE6-A88A-4C53-9E12-E63A654E8997}.Max4Release|x86.Build.0 = Release|Win32
		{0A91FBE6-A88A-4C53-9E12-E63A654E8997}.Profile|x86.ActiveCfg = Profile|Win32
		{0A91FBE6-A88A-4C53-9E12-E63A654E8997}.Profile|x86.Build.0 = Profile|Win32
		{0A91FBE6-A88A-4C53-9E12-E63A654E8997}.ProfileE|x86.ActiveCfg = ProfileE|Win32
		{0A91FBE6-A88A-4C53-9E12-E63A654E8997}.ProfileE|x86.Build.0 = ProfileE|Win32
		{0A91FBE6-A88A-4C53-9E12-E63A654E8997}.Release|x86.ActiveCfg = Release|Win32
		{0A91FBE6-A88A-4C53-9E12-E63A654E8997}.Release|x86.Build.0 = Release|Win32
		{A39CE337-407C-458D-A9A1-C4778F49D3B1}.Debug Compressed|x86.ActiveCfg = Debug|Win32
		{A39CE337-407C-458D-A9A1-C4778F49D3B1}.Debug Compressed|x86.Build.0 = Debug|Win32
		{A39CE337-407C-458D-A9A1-C4778F49D3B1}.Debug|x86.ActiveCfg = Debug|Win32
		{A39CE337-407C-458D-A9A1-C4778F49D3B1}.Debug|x86.Build.0 = Debug|Win32
		{A39CE337-407C-458D-A9A1-C4778F49D3B1}.DebugE|x86.ActiveCfg = Debug|Win32
		{A39CE337-407C-458D-A9A1-C4778F49D3B1}.DebugE|x86.Build.0 = Debug|Win32
		{A39CE337-407C-458D-A9A1-C4778F49D3B1}.GMax Hybrid|x86.ActiveCfg = Profile|Win32
		{A39CE337-407C-458D-A9A1-C4778F49D3B1}.GMax Hybrid|x86.Build.0 = Profile|Win32
		{A39CE337-407C-458D-A9A1-C4778F49D3B1}.GMax Release|x86.ActiveCfg = Release|Win32
		{A39CE337-407C-458D-A9A1-C4778F49D3B1}.GMax Release|x86.Build.0 = Release|Win32
		{A39CE337-407C-458D-A9A1-C4778F49D3B1}.Hybrid|x86.ActiveCfg = Profile|Win32
		{A39CE337-407C-458D-A9A1-C4778F49D3B1}.Hybrid|x86.Build.0 = Profile|Win32
		{A39CE337-407C-458D-A9A1-C4778F49D3B1}.mainMax4Hybrid|x86.ActiveCfg = Profile|Win32
		{A39CE337-407C-458D-A9A1-C4778F49D3B1}.mainMax4Hybrid|x86.Build.0 = Profile|Win32
		{A39CE337-407C-458D-A9A1-C4778F49D3B1}.Max4Release|x86.ActiveCfg = Release|Win32
		{A39CE337-407C-458D-A9A1-C4778F49D3B1}.Max4Release|x86.Build.0 = Release|Win32
		{A39CE337-407C-458D-A9A1-C4778F49D3B1}.Profile|x86.ActiveCfg = Profile|Win32
		{A39CE337-407C-458D-A9A1-C4778F49D3B1}.Profile|x86.Build.0 = Profile|Win32
		{A39CE337-407C-458D-A9A1-C4778F49D3B1}.ProfileE|x86.ActiveCfg = Profile|Win32
		{A39CE337-407C-458D-A9A1-C4778F49D3B1}.ProfileE|x86.Build.0 = Profile|Win32
		{A39CE337-407C-458D-A9A1-C4778F49D3B1}.Release|x86.ActiveCfg = Release|Win32
		{A39CE337-407C-458D-A9A1-C4778F49D3B1}.Release|x86.Build.0 = Release|Win32
		{5E143C2E-EE66-4821-A54B-4C0A1909A2CB}.Debug Compressed|x86.ActiveCfg = Debug|Win32
		{5E143C2E-EE66-4821-A54B-4C0A1909A2CB}.Debug Compressed|x86.Build.0 = Debug|Win32
		{5E143C2E-EE66-4821-A54B-4C0A1909A2CB}.Debug|x86.ActiveCfg = Debug|Win32
		{5E143C2E-EE66-4821-A54B-4C0A1909A2CB}.Debug|x86.Build.0 = Debug|Win32
		{5E143C2E-EE66-4821-A54B-4C0A1909A2CB}.DebugE|x86.ActiveCfg = Debug|Win32
		{5E143C2E-EE66-4821-A54B-4C0A1909A2CB}.DebugE|x86.Build.0 = Debug|Win32
		{5E143C2E-EE66-4821-A54B-4C0A1909A2CB}.GMax Hybrid|x86.ActiveCfg = Profile|Win32
		{5E143C2E-EE66-4821-A54B-4C0A1909A2CB}.GMax Hybrid|x86.Build.0 = Profile|Win32
		{5E143C2E-EE66-4821-A54B-4C0A1909A2CB}.GMax Release|x86.ActiveCfg = Release|Win32
		{5E143C2E-EE66-4821-A54B-4C0A1909A2CB}.GMax Release|x86.Build.0 = Release|Win32
		{5E143C2E-EE66-4821-A54B-4C0A1909A2CB}.Hybrid|x86.ActiveCfg = Profile|Win32
		{5E143C2E-EE66-4821-A54B-4C0A1909A2CB}.Hybrid|x86.Build.0 = Profile|Win32
		{5E143C2E-EE66-4821-A54B-4C0A1909A2CB}.mainMax4Hybrid|x86.ActiveCfg = Profile|Win32
		{5E143C2E-EE66-4821-A54B-4C0A1909A2CB}.mainMax4Hybrid|x86.Build.0 = Profile|Win32
		{5E143C2E-EE66-4821-A54B-4C0A1909A2CB}.Max4Release|x86.ActiveCfg = Release|Win32
		{5E143C2E-EE66-4821-A54B-4C0A1909A2CB}.Max4Release|x86.Build.0 = Release|Win32
		{5E143C2E-EE66-4821-A54B-4C0A1909A2CB}.Profile|x86.ActiveCfg = Profile|Win32
		{5E143C2E-EE66-4821-A54B-4C0A1909A2CB}.Profile|x86.Build.0 = Profile|Win32
		{5E143C2E-EE66-4821-A54B-4C0A1909A2CB}.ProfileE|x86.ActiveCfg = Profile|Win32
		{5E143C2E-EE66-4821-A54B-4C0A1909A2CB}.ProfileE|x86.Build.0 = Profile|Win32
		{5E143C2E-EE66-4821-A54B-4C0A1909A2CB}.Release|x86.ActiveCfg = Release|Win32
		{5E143C2E-EE66-4821-A54B-4C0A1909A2CB}.Release|x86.Build.0 = Release|Win32
		{B60BFEA1-CE6A-4573-8861-076861594D28}.Debug Compressed|x86.ActiveCfg = Debug|Win32
		{B60BFEA1-CE6A-4573-8861-076861594D28}.Debug Compressed|x86.Build.0 = Debug|Win32
		{B60BFEA1-CE6A-4573-8861-076861594D28}.Debug|x86.ActiveCfg = Debug|Win32
		{B60BFEA1-CE6A-4573-8861-076861594D28}.Debug|x86.Build.0 = Debug|Win32
		{B60BFEA1-CE6A-4573-8861-076861594D28}.DebugE|x86.ActiveCfg = Debug|Win32
		{B60BFEA1-CE6A-4573-8861-076861594D28}.DebugE|x86.Build.0 = Debug|Win32
		{B60BFEA1-CE6A-4573-8861-076861594D28}.GMax Hybrid|x86.ActiveCfg = Debug|Win32
		{B60BFEA1-CE6A-4573-8861-076861594D28}.GMax Hybrid|x86.Build.0 = Debug|Win32
		{B60BFEA1-CE6A-4573-8861-076861594D28}.GMax Release|x86.ActiveCfg = Release|Win32
		{B60BFEA1-CE6A-4573-8861-076861594D28}.GMax Release|x86.Build.0 = Release|Win32
		{B60BFEA1-CE6A-4573-8861-076861594D28}.Hybrid|x86.ActiveCfg = Debug|Win32
		{B60BFEA1-CE6A-4573-8861-076861594D28}.Hybrid|x86.Build.0 = Debug|Win32
		{B60BFEA1-CE6A-4573-8861-076861594D28}.mainMax4Hybrid|x86.ActiveCfg = Debug|Win32
		{B60BFEA1-CE6A-4573-8861-076861594D28}.mainMax4Hybrid|x86.Build.0 = Debug|Win32
		{B60BFEA1-CE6A-4573-8861-076861594D28}.Max4Release|x86.ActiveCfg = Release|Win32
		{B60BFEA1-CE6A-4573-8861-076861594D28}.Max4Release|x86.Build.0 = Release|Win32
		{B60BFEA1-CE6A-4573-8861-076861594D28}.Profile|x86.ActiveCfg = Profile|Win32
		{B60BFEA1-CE6A-4573-8861-076861594D28}.Profile|x86.Build.0 = Profile|Win32
		{B60BFEA1-CE6A-4573-8861-076861594D28}.ProfileE|x86.ActiveCfg = Profile|Win32
		{B60BFEA1-CE6A-4573-8861-076861594D28}.ProfileE|x86.Build.0 = Profile|Win32
		{B60BFEA1-CE6A-4573-8861-076861594D28}.Release|x86.ActiveCfg = Release|Win32
		{B60BFEA1-CE6A-4573-8861-076861594D28}.Release|x86.Build.0 = Release|Win32
		{66B1ACD5-10AC-4BBC-9E02-FF8A4340390F}.Debug Compressed|x86.ActiveCfg = Debug|Win32
		{66B1ACD5-10AC-4BBC-9E02-FF8A4340390F}.Debug Compressed|x86.Build.0 = Debug|Win32
		{66B1ACD5-10AC-4BBC-9E02-FF8A4340390F}.Debug|x86.ActiveCfg = Debug|Win32
		{66B1ACD5-10AC-4BBC-9E02-FF8A4340390F}.Debug|x86.Build.0 = Debug|Win32
		{66B1ACD5-10AC-4BBC-9E02-FF8A4340390F}.DebugE|x86.ActiveCfg = DebugE|Win32
		{66B1ACD5-10AC-4BBC-9E02-FF8A4340390F}.DebugE|x86.Build.0 = DebugE|Win32
		{66B1ACD5-10AC-4BBC-9E02-FF8A4340390F}.GMax Hybrid|x86.ActiveCfg = ProfileE|Win32
		{66B1ACD5-10AC-4BBC-9E02-FF8A4340390F}.GMax Hybrid|x86.Build.0 = ProfileE|Win32
		{66B1ACD5-10AC-4BBC-9E02-FF8A4340390F}.GMax Release|x86.ActiveCfg = Release|Win32
		{66B1ACD5-10AC-4BBC-9E02-FF8A4340390F}.GMax Release|x86.Build.0 = Release|Win32
		{66B1ACD5-10AC-4BBC-9E02-FF8A4340390F}.Hybrid|x86.ActiveCfg = ProfileE|Win32
		{66B1ACD5-10AC-4BBC-9E02-FF8A4340390F}.Hybrid|x86.Build.0 = ProfileE|Win32
		{66B1ACD5-10AC-4BBC-9E02-FF8A4340390F}.mainMax4Hybrid|x86.ActiveCfg = ProfileE|Win32
		{66B1ACD5-10AC-4BBC-9E02-FF8A4340390F}.mainMax4Hybrid|x86.Build.0 = ProfileE|Win32
		{66B1ACD5-10AC-4BBC-9E02-FF8A4340390F}.Max4Release|x86.ActiveCfg = Release|Win32
		{66B1ACD5-10AC-4BBC-9E02-FF8A4340390F}.Max4Release|x86.Build.0 = Release|Win32
		{66B1ACD5-10AC-4BBC-9E02-FF8A4340390F}.Profile|x86.ActiveCfg = Profile|Win32
		{66B1ACD5-10AC-4BBC-9E02-FF8A4340390F}.Profile|x86.Build.0 = Profile|Win32
		{66B1ACD5-10AC-4BBC-9E02-FF8A4340390F}.ProfileE|x86.ActiveCfg = ProfileE|Win32
		{66B1ACD5-10AC-4BBC-9E02-FF8A4340390F}.ProfileE|x86.Build.0 = ProfileE|Win32
		{66B1ACD5-10AC-4BBC-9E02-FF8A4340390F}.Release|x86.ActiveCfg = Release|Win32
		{66B1ACD5-10AC-4BBC-9E02-FF8A4340390F}.Release|x86.Build.0 = Release|Win32
		{8A1878D5-2241-4123-863B-B50EB34D067F}.Debug Compressed|x86.ActiveCfg = Debug|Win32
		{8A1878D5-2241-4123-863B-B50EB34D067F}.Debug Compressed|x86.Build.0 = Debug|Win32
		{8A1878D5-2241-4123-863B-B50EB34D067F}.Debug|x86.ActiveCfg = Debug|Win32
		{8A1878D5-2241-4123-863B-B50EB34D067F}.Debug|x86.Build.0 = Debug|Win32
		{8A1878D5-2241-4123-863B-B50EB34D067F}.DebugE|x86.ActiveCfg = DebugE|Win32
		{8A1878D5-2241-4123-863B-B50EB34D067F}.DebugE|x86.Build.0 = DebugE|Win32
		{8A1878D5-2241-4123-863B-B50EB34D067F}.GMax Hybrid|x86.ActiveCfg = Debug|Win32
		{8A1878D5-2241-4123-863B-B50EB34D067F}.GMax Hybrid|x86.Build.0 = Debug|Win32
		{8A1878D5-2241-4123-863B-B50EB34D067F}.GMax Release|x86.ActiveCfg = Release|Win32
		{8A1878D5-2241-4123-863B-B50EB34D067F}.GMax Release|x86.Build.0 = Release|Win32
		{8A1878D5-2241-4123-863B-B50EB34D067F}.Hybrid|x86.ActiveCfg = Debug|Win32
		{8A1878D5-2241-4123-863B-B50EB34D067F}.Hybrid|x86.Build.0 = Debug|Win32
		{8A1878D5-2241-4123-863B-B50EB34D067F}.mainMax4Hybrid|x86.ActiveCfg = Debug|Win32
		{8A1878D5-2241-4123-863B-B50EB34D067F}.mainMax4Hybrid|x86.Build.0 = Debug|Win32
		{8A1878D5-2241-4123-863B-B50EB34D067F}.Max4Release|x86.ActiveCfg = Release|Win32
		{8A1878D5-2241-4123-863B-B50EB34D067F}.Max4Release|x86.Build.0 = Release|Win32
		{8A1878D5-2241-4123-863B-B50EB34D067F}.Profile|x86.ActiveCfg = Profile|Win32
		{8A1878D5-2241-4123-863B-B50EB34D067F}.Profile|x86.Build.0 = Profile|Win32
		{8A1878D5-2241-4123-863B-B50EB34D067F}.ProfileE|x86.ActiveCfg = ProfileE|Win32
		{8A1878D5-2241-4123-863B-B50EB34D067F}.ProfileE|x86.Build.0 = ProfileE|Win32
		{8A1878D5-2241-4123-863B-B50EB34D067F}.Release|x86.ActiveCfg = Release|Win32
		{8A1878D5-2241-4123-863B-B50EB34D067F}.Release|x86.Build.0 = Release|Win32
		{37060F5A-2960-4C32-B5AB-4EE9AD933D66}.Debug Compressed|x86.ActiveCfg = Debug|Win32
		{37060F5A-2960-4C32-B5AB-4EE9AD933D66}.Debug Compressed|x86.Build.0 = Debug|Win32
		{37060F5A-2960-4C32-B5AB-4EE9AD933D66}.Debug|x86.ActiveCfg = Debug|Win32
		{37060F5A-2960-4C32-B5AB-4EE9AD933D66}.Debug|x86.Build.0 = Debug|Win32
		{37060F5A-2960-4C32-B5AB-4EE9AD933D66}.DebugE|x86.ActiveCfg = Debug|Win32
		{37060F5A-2960-4C32-B5AB-4EE9AD933D66}.DebugE|x86.Build.0 = Debug|Win32
		{37060F5A-2960-4C32-B5AB-4EE9AD933D66}.GMax Hybrid|x86.ActiveCfg = Debug|Win32
		{37060F5A-2960-4C32-B5AB-4EE9AD933D66}.GMax Hybrid|x86.Build.0 = Debug|Win32
		{37060F5A-2960-4C32-B5AB-4EE9AD933D66}.GMax Release|x86.ActiveCfg = Release|Win32
		{37060F5A-2960-4C32-B5AB-4EE9AD933D66}.GMax Release|x86.Build.0 = Release|Win32
		{37060F5A-2960-4C32-B5AB-4EE9AD933D66}.Hybrid|x86.ActiveCfg = Debug|Win32
		{37060F5A-2960-4C32-B5AB-4EE9AD933D66}.Hybrid|x86.Build.0 = Debug|Win32
		{37060F5A-2960-4C32-B5AB-4EE9AD933D66}.mainMax4Hybrid|x86.ActiveCfg = Debug|Win32
		{37060F5A-2960-4C32-B5AB-4EE9AD933D66}.mainMax4Hybrid|x86.Build.0 = Debug|Win32
		{37060F5A-2960-4C32-B5AB-4EE9AD933D66}.Max4Release|x86.ActiveCfg = Release|Win32
		{37060F5A-2960-4C32-B5AB-4EE9AD933D66}.Max4Release|x86.Build.0 = Release|Win32
		{37060F5A-2960-4C32-B5AB-4EE9AD933D66}.Profile|x86.ActiveCfg = Profile|Win32
		{37060F5A-2960-4C32-B5AB-4EE9AD933D66}.Profile|x86.Build.0 = Profile|Win32
		{37060F5A-2960-4C32-B5AB-4EE9AD933D66}.ProfileE|x86.ActiveCfg = Profile|Win32
		{37060F5A-2960-4C32-B5AB-4EE9AD933D66}.ProfileE|x86.Build.0 = Profile|Win32
		{37060F5A-2960-4C32-B5AB-4EE9AD933D66}.Release|x86.ActiveCfg = Release|Win32
		{37060F5A-2960-4C32-B5AB-4EE9AD933D66}.Release|x86.Build.0 = Release|Win32
		{15CA3079-996B-44D2-A8C7-5D92279CFA74}.Debug Compressed|x86.ActiveCfg = Debug|Win32
		{15CA3079-996B-44D2-A8C7-5D92279CFA74}.Debug Compressed|x86.Build.0 = Debug|Win32
		{15CA3079-996B-44D2-A8C7-5D92279CFA74}.Debug|x86.ActiveCfg = Debug|Win32
		{15CA3079-996B-44D2-A8C7-5D92279CFA74}.Debug|x86.Build.0 = Debug|Win32
		{15CA3079-996B-44D2-A8C7-5D92279CFA74}.DebugE|x86.ActiveCfg = Debug|Win32
		{15CA3079-996B-44D2-A8C7-5D92279CFA74}.DebugE|x86.Build.0 = Debug|Win32
		{15CA3079-996B-44D2-A8C7-5D92279CFA74}.GMax Hybrid|x86.ActiveCfg = Debug|Win32
		{15CA3079-996B-44D2-A8C7-5D92279CFA74}.GMax Hybrid|x86.Build.0 = Debug|Win32
		{15CA3079-996B-44D2-A8C7-5D92279CFA74}.GMax Release|x86.ActiveCfg = Release|Win32
		{15CA3079-996B-44D2-A8C7-5D92279CFA74}.GMax Release|x86.Build.0 = Release|Win32
		{15CA3079-996B-44D2-A8C7-5D92279CFA74}.Hybrid|x86.ActiveCfg = Debug|Win32
		{15CA3079-996B-44D2-A8C7-5D92279CFA74}.Hybrid|x86.Build.0 = Debug|Win32
		{15CA3079-996B-44D2-A8C7-5D92279CFA74}.mainMax4Hybrid|x86.ActiveCfg = Debug|Win32
		{15CA3079-996B-44D2-A8C7-5D92279CFA74}.mainMax4Hybrid|x86.Build.0 = Debug|Win32
		{15CA3079-996B-44D2-A8C7-5D92279CFA74}.Max4Release|x86.ActiveCfg = Release|Win32
		{15CA3079-996B-44D2-A8C7-5D92279CFA74}.Max4Release|x86.Build.0 = Release|Win32
		{15CA3079-996B-44D2-A8C7-5D92279CFA74}.Profile|x86.ActiveCfg = Profile|Win32
		{15CA3079-996B-44D2-A8C7-5D92279CFA74}.Profile|x86.Build.0 = Profile|Win32
		{15CA3079-996B-44D2-A8C7-5D92279CFA74}.ProfileE|x86.ActiveCfg = Profile|Win32
		{15CA3079-996B-44D2-A8C7-5D92279CFA74}.ProfileE|x86.Build.0 = Profile|Win32
		{15CA3079-996B-44D2-A8C7-5D92279CFA74}.Release|x86.ActiveCfg = Release|Win32
		{15CA3079-996B-44D2-A8C7-5D92279CFA74}.Release|x86.Build.0 = Release|Win32
		{7B92626C-8C24-41AC-8B5B-934B704B7D97}.Debug Compressed|x86.ActiveCfg = Debug|Win32
		{7B92626C-8C24-41AC-8B5B-934B704B7D97}.Debug Compressed|x86.Build.0 = Debug|Win32
		{7B92626C-8C24-41AC-8B5B-934B704B7D97}.Debug|x86.ActiveCfg = Debug|Win32
		{7B92626C-8C24-41AC-8B5B-934B704B7D97}.Debug|x86.Build.0 = Debug|Win32
		{7B92626C-8C24-41AC-8B5B-934B704B7D97}.DebugE|x86.ActiveCfg = Debug|Win32
		{7B92626C-8C24-41AC-8B5B-934B704B7D97}.DebugE|x86.Build.0 = Debug|Win32
		{7B92626C-8C24-41AC-8B5B-934B704B7D97}.GMax Hybrid|x86.ActiveCfg = Debug|Win32
		{7B92626C-8C24-41AC-8B5B-934B704B7D97}.GMax Hybrid|x86.Build.0 = Debug|Win32
		{7B92626C-8C24-41AC-8B5B-934B704B7D97}.GMax Release|x86.ActiveCfg = Release|Win32
		{7B92626C-8C24-41AC-8B5B-934B704B7D97}.GMax Release|x86.Build.0 = Release|Win32
		{7B92626C-8C24-41AC-8B5B-934B704B7D97}.Hybrid|x86.ActiveCfg = Debug|Win32
		{7B92626C-8C24-41AC-8B5B-934B704B7D97}.Hybrid|x86.Build.0 = Debug|Win32
		{7B92626C-8C24-41AC-8B5B-934B704B7D97}.mainMax4Hybrid|x86.ActiveCfg = Debug|Win32
		{7B92626C-8C24-41AC-8B5B-934B704B7D97}.mainMax4Hybrid|x86.Build.0 = Debug|Win32
		{7B92626C-8C24-41AC-8B5B-934B704B7D97}.Max4Release|x86.ActiveCfg = Release|Win32
		{7B92626C-8C24-41AC-8B5B-934B704B7D97}.Max4Release|x86.Build.0 = Release|Win32
		{7B92626C-8C24-41AC-8B5B-934B704B7D97}.Profile|x86.ActiveCfg = Profile|Win32
		{7B92626C-8C24-41AC-8B5B-934B704B7D97}.Profile|x86.Build.0 = Profile|Win32
		{7B92626C-8C24-41AC-8B5B-934B704B7D97}.ProfileE|x86.ActiveCfg = Profile|Win32
		{7B92626C-8C24-41AC-8B5B-934B704B7D97}.ProfileE|x86.Build.0 = Profile|Win32
		{7B92626C-8C24-41AC-8B5B-934B704B7D97}.Release|x86.ActiveCfg = Release|Win32
		{7B92626C-8C24-41AC-8B5B-934B704B7D97}.Release|x86.Build.0 = Release|Win32
	EndGlobalSection
	GlobalSection(SolutionProperties) = preSolution
		HideSolutionNode = FALSE
	EndGlobalSection
EndGlobal
