Microsoft Visual Studio Solution File, Format Version 8.00
Project("{8BC9CEB8-8B4A-11D0-8D11-00A0C91BC942}") = "BandTest", "BandTest\BandTest.vcproj", "{9EEEDD2E-5EAA-494A-8F1F-F500C767B835}"
	ProjectSection(ProjectDependencies) = postProject
	EndProjectSection
EndProject
Project("{8BC9CEB8-8B4A-11D0-8D11-00A0C91BC942}") = "BinkMovie", "BinkMovie\BinkMovie.vcproj", "{2B266F0D-3682-466A-AF43-02AC72637A97}"
	ProjectSection(ProjectDependencies) = postProject
	EndProjectSection
EndProject
Project("{8BC9CEB8-8B4A-11D0-8D11-00A0C91BC942}") = "Combat", "combat\Combat.vcproj", "{922AAF94-42CB-48DD-B767-DF8E9A635243}"
	ProjectSection(ProjectDependencies) = postProject
	EndProjectSection
EndProject
Project("{059D6162-CD51-11D0-AE1F-00A0C90FFFC3}") = "GameSpy", "GameSpy\GameSpy.dsp", "{93D74BBE-94ED-4071-A408-31D2F56A35CE}"
	ProjectSection(ProjectDependencies) = postProject
	EndProjectSection
EndProject
Project("{8BC9CEB8-8B4A-11D0-8D11-00A0C91BC942}") = "LevelEdit", "Tools\LevelEdit\LevelEdit.vcproj", "{7413986F-F312-4AEE-BC64-AF811ED53117}"
	ProjectSection(ProjectDependencies) = postProject
	EndProjectSection
EndProject
Project("{8BC9CEB8-8B4A-11D0-8D11-00A0C91BC942}") = "SControl", "SControl\SControl.vcproj", "{D7723C49-7831-4DFF-A166-26E4158E53E9}"
	ProjectSection(ProjectDependencies) = postProject
	EndProjectSection
EndProject
Project("{8BC9CEB8-8B4A-11D0-8D11-00A0C91BC942}") = "Scripts", "Scripts\Scripts.vcproj", "{B6461499-6053-41B6-960E-03F5385722C7}"
	ProjectSection(ProjectDependencies) = postProject
	EndProjectSection
EndProject
Project("{8BC9CEB8-8B4A-11D0-8D11-00A0C91BC942}") = "WWAudio", "WWAudio\WWAudio.vcproj", "{BCFDC434-827A-44DF-B439-29D28298F6AA}"
	ProjectSection(ProjectDependencies) = postProject
	EndProjectSection
EndProject
Project("{8BC9CEB8-8B4A-11D0-8D11-00A0C91BC942}") = "WWConfig", "Tools\WWConfig\WWConfig.vcproj", "{280DFEB2-2FA0-4146-AA09-532C7D82E6AF}"
	ProjectSection(ProjectDependencies) = postProject
	EndProjectSection
EndProject
Project("{8BC9CEB8-8B4A-11D0-8D11-00A0C91BC942}") = "WWCtrl", "Tools\WWCtrl\WWCtrl.vcproj", "{E268C36C-34D4-4FC5-9657-ECC385CC76CD}"
	ProjectSection(ProjectDependencies) = postProject
	EndProjectSection
EndProject
Project("{8BC9CEB8-8B4A-11D0-8D11-00A0C91BC942}") = "commando", "Commando\commando.vcproj", "{0DE9539A-57DE-463C-B268-EE8AA8C8CDC4}"
	ProjectSection(ProjectDependencies) = postProject
		{93D74BBE-94ED-4071-A408-31D2F56A35CE} = {93D74BBE-94ED-4071-A408-31D2F56A35CE}
		{D7723C49-7831-4DFF-A166-26E4158E53E9} = {D7723C49-7831-4DFF-A166-26E4158E53E9}
		{9EEEDD2E-5EAA-494A-8F1F-F500C767B835} = {9EEEDD2E-5EAA-494A-8F1F-F500C767B835}
		{2B266F0D-3682-466A-AF43-02AC72637A97} = {2B266F0D-3682-466A-AF43-02AC72637A97}
		{15CA3079-996B-44D2-A8C7-5D92279CFA74} = {15CA3079-996B-44D2-A8C7-5D92279CFA74}
		{989D1310-CD48-40FB-9851-BBA30553CE35} = {989D1310-CD48-40FB-9851-BBA30553CE35}
		{30C145C7-9ADD-4EA3-B161-4C692E49CADC} = {30C145C7-9ADD-4EA3-B161-4C692E49CADC}
		{37060F5A-2960-4C32-B5AB-4EE9AD933D66} = {37060F5A-2960-4C32-B5AB-4EE9AD933D66}
		{922AAF94-42CB-48DD-B767-DF8E9A635243} = {922AAF94-42CB-48DD-B767-DF8E9A635243}
		{8A1878D5-2241-4123-863B-B50EB34D067F} = {8A1878D5-2241-4123-863B-B50EB34D067F}
		{BCFDC434-827A-44DF-B439-29D28298F6AA} = {BCFDC434-827A-44DF-B439-29D28298F6AA}
		{7B92626C-8C24-41AC-8B5B-934B704B7D97} = {7B92626C-8C24-41AC-8B5B-934B704B7D97}
		{66B1ACD5-10AC-4BBC-9E02-FF8A4340390F} = {66B1ACD5-10AC-4BBC-9E02-FF8A4340390F}
		{B60BFEA1-CE6A-4573-8861-076861594D28} = {B60BFEA1-CE6A-4573-8861-076861594D28}
		{5E143C2E-EE66-4821-A54B-4C0A1909A2CB} = {5E143C2E-EE66-4821-A54B-4C0A1909A2CB}
		{A39CE337-407C-458D-A9A1-C4778F49D3B1} = {A39CE337-407C-458D-A9A1-C4778F49D3B1}
		{0A91FBE6-A88A-4C53-9E12-E63A654E8997} = {0A91FBE6-A88A-4C53-9E12-E63A654E8997}
		{B6461499-6053-41B6-960E-03F5385722C7} = {B6461499-6053-41B6-960E-03F5385722C7}
	EndProjectSection
EndProject
Project("{8BC9CEB8-8B4A-11D0-8D11-00A0C91BC942}") = "max2w3d", "Tools\max2w3d\max2w3d.vcproj", "{78F579E2-9D62-40CD-A54D-634964E820C5}"
	ProjectSection(ProjectDependencies) = postProject
	EndProjectSection
EndProject
Project("{8BC9CEB8-8B4A-11D0-8D11-00A0C91BC942}") = "ww3d2", "ww3d2\ww3d2.vcproj", "{989D1310-CD48-40FB-9851-BBA30553CE35}"
	ProjectSection(ProjectDependencies) = postProject
	EndProjectSection
EndProject
Project("{8BC9CEB8-8B4A-11D0-8D11-00A0C91BC942}") = "wwbitpack", "wwbitpack\wwbitpack.vcproj", "{30C145C7-9ADD-4EA3-B161-4C692E49CADC}"
	ProjectSection(ProjectDependencies) = postProject
	EndProjectSection
EndProject
Project("{8BC9CEB8-8B4A-11D0-8D11-00A0C91BC942}") = "wwdebug", "wwdebug\wwdebug.vcproj", "{0A91FBE6-A88A-4C53-9E12-E63A654E8997}"
	ProjectSection(ProjectDependencies) = postProject
	EndProjectSection
EndProject
Project("{8BC9CEB8-8B4A-11D0-8D11-00A0C91BC942}") = "wwlib", "wwlib\wwlib.vcproj", "{A39CE337-407C-458D-A9A1-C4778F49D3B1}"
	ProjectSection(ProjectDependencies) = postProject
	EndProjectSection
EndProject
Project("{8BC9CEB8-8B4A-11D0-8D11-00A0C91BC942}") = "wwmath", "WWMath\wwmath.vcproj", "{5E143C2E-EE66-4821-A54B-4C0A1909A2CB}"
	ProjectSection(ProjectDependencies) = postProject
	EndProjectSection
EndProject
Project("{8BC9CEB8-8B4A-11D0-8D11-00A0C91BC942}") = "wwnet", "wwnet\wwnet.vcproj", "{B60BFEA1-CE6A-4573-8861-076861594D28}"
	ProjectSection(ProjectDependencies) = postProject
	EndProjectSection
EndProject
Project("{8BC9CEB8-8B4A-11D0-8D11-00A0C91BC942}") = "wwphys", "wwphys\wwphys.vcproj", "{66B1ACD5-10AC-4BBC-9E02-FF8A4340390F}"
	ProjectSection(ProjectDependencies) = postProject
	EndProjectSection
EndProject
Project("{8BC9CEB8-8B4A-11D0-8D11-00A0C91BC942}") = "wwsaveload", "wwsaveload\wwsaveload.vcproj", "{8A1878D5-2241-4123-863B-B50EB34D067F}"
	ProjectSection(ProjectDependencies) = postProject
	EndProjectSection
EndProject
Project("{8BC9CEB8-8B4A-11D0-8D11-00A0C91BC942}") = "wwtranslatedb", "wwtranslatedb\wwtranslatedb.vcproj", "{37060F5A-2960-4C32-B5AB-4EE9AD933D66}"
	ProjectSection(ProjectDependencies) = postProject
	EndProjectSection
EndProject
Project("{8BC9CEB8-8B4A-11D0-8D11-00A0C91BC942}") = "wwui", "wwui\wwui.vcproj", "{15CA3079-996B-44D2-A8C7-5D92279CFA74}"
	ProjectSection(ProjectDependencies) = postProject
	EndProjectSection
EndProject
Project("{8BC9CEB8-8B4A-11D0-8D11-00A0C91BC942}") = "wwutil", "wwutil\wwutil.vcproj", "{7B92626C-8C24-41AC-8B5B-934B704B7D97}"
	ProjectSection(ProjectDependencies) = postProject
	EndProjectSection
EndProject
Global
	GlobalSection(SourceCodeControl) = preSolution
		SccNumberOfProjects = 22
		SccProjectUniqueName0 = BandTest\\BandTest.vcproj
		SccProjectName0 = \u0022$/Commando/Code/BandTest\u0022,\u0020PYFEAAAA
		SccLocalPath0 = BandTest
		SccProvider0 = MSSCCI:Microsoft\u0020Visual\u0020SourceSafe
		SccProjectUniqueName1 = BinkMovie\\BinkMovie.vcproj
		SccProjectName1 = \u0022$/Commando/Code/BinkMovie\u0022,\u0020XPFEAAAA
		SccLocalPath1 = BinkMovie
		SccProvider1 = MSSCCI:Microsoft\u0020Visual\u0020SourceSafe
		SccProjectUniqueName2 = combat\\Combat.vcproj
		SccProjectName2 = \u0022$/Commando/Code/Combat\u0022,\u0020IVHCAAAA
		SccLocalPath2 = combat
		SccProvider2 = MSSCCI:Microsoft\u0020Visual\u0020SourceSafe
		SccProjectUniqueName3 = Tools\\LevelEdit\\LevelEdit.vcproj
		SccProjectName3 = \u0022$/Commando/Code/Tools/LevelEdit\u0022,\u0020LDKBAAAA
		SccLocalPath3 = Tools\\LevelEdit
		SccProvider3 = MSSCCI:Microsoft\u0020Visual\u0020SourceSafe
		SccProjectUniqueName4 = SControl\\SControl.vcproj
		SccProjectName4 = \u0022$/Commando/Code/SControl\u0022,\u0020DLGEAAAA
		SccLocalPath4 = SControl
		SccProvider4 = MSSCCI:Microsoft\u0020Visual\u0020SourceSafe
		SccProjectUniqueName5 = Scripts\\Scripts.vcproj
		SccProjectName5 = \u0022$/Commando/Code/Scripts\u0022,\u0020ISTAAAAA
		SccLocalPath5 = Scripts
		SccProvider5 = MSSCCI:Microsoft\u0020Visual\u0020SourceSafe
		SccProjectUniqueName6 = WWAudio\\WWAudio.vcproj
		SccProjectName6 = \u0022$/Commando/Code/WWAudio\u0022,\u0020VIPBAAAA
		SccLocalPath6 = WWAudio
		SccProvider6 = MSSCCI:Microsoft\u0020Visual\u0020SourceSafe
		SccProjectUniqueName7 = Tools\\WWConfig\\WWConfig.vcproj
		SccProjectName7 = \u0022$/Commando/Code/Tools/WWConfig\u0022,\u0020KDBEAAAA
		SccLocalPath7 = Tools\\WWConfig
		SccProvider7 = MSSCCI:Microsoft\u0020Visual\u0020SourceSafe
		SccProjectUniqueName8 = Tools\\WWCtrl\\WWCtrl.vcproj
		SccProjectName8 = \u0022$/G/Tools/WWCtrl\u0022,\u0020REWBAAAA
		SccLocalPath8 = Tools\\WWCtrl
		SccProvider8 = MSSCCI:Microsoft\u0020Visual\u0020SourceSafe
		SccProjectUniqueName9 = Commando\\commando.vcproj
		SccProjectName9 = \u0022$/Commando/Code/Commando\u0022,\u0020LOGAAAAA
		SccLocalPath9 = Commando
		SccProvider9 = MSSCCI:Microsoft\u0020Visual\u0020SourceSafe
		SccProjectUniqueName10 = Tools\\max2w3d\\max2w3d.vcproj
		SccProjectName10 = \u0022$/Commando/Code/Tools/max2w3d\u0022,\u0020SSJAAAAA
		SccLocalPath10 = Tools\\max2w3d
		SccProvider10 = MSSCCI:Microsoft\u0020Visual\u0020SourceSafe
		SccProjectUniqueName11 = ww3d2\\ww3d2.vcproj
		SccProjectName11 = \u0022$/Commando/Code/ww3d2\u0022,\u0020QFBEAAAA
		SccLocalPath11 = ww3d2
		SccProvider11 = MSSCCI:Microsoft\u0020Visual\u0020SourceSafe
		SccProjectUniqueName12 = wwbitpack\\wwbitpack.vcproj
		SccProjectName12 = \u0022$/Commando/Code/wwbitpack\u0022,\u0020JAQDAAAA
		SccLocalPath12 = wwbitpack
		SccProvider12 = MSSCCI:Microsoft\u0020Visual\u0020SourceSafe
		SccProjectUniqueName13 = wwdebug\\wwdebug.vcproj
		SccProjectName13 = \u0022$/Commando/Code/wwdebug\u0022,\u0020OPNAAAAA
		SccLocalPath13 = wwdebug
		SccProvider13 = MSSCCI:Microsoft\u0020Visual\u0020SourceSafe
		SccProjectUniqueName14 = wwlib\\wwlib.vcproj
		SccProjectName14 = \u0022$/Commando/Code/wwlib\u0022,\u0020KOGAAAAA
		SccLocalPath14 = wwlib
		SccProvider14 = MSSCCI:Microsoft\u0020Visual\u0020SourceSafe
		SccProjectUniqueName15 = WWMath\\wwmath.vcproj
		SccProjectName15 = \u0022$/Commando/Code/wwmath\u0022,\u0020UEFAAAAA
		SccLocalPath15 = WWMath
		SccProvider15 = MSSCCI:Microsoft\u0020Visual\u0020SourceSafe
		SccProjectUniqueName16 = wwnet\\wwnet.vcproj
		SccProjectName16 = \u0022$/Commando/Code/wwnet\u0022,\u0020KBDBAAAA
		SccLocalPath16 = wwnet
		SccProvider16 = MSSCCI:Microsoft\u0020Visual\u0020SourceSafe
		SccProjectUniqueName17 = wwphys\\wwphys.vcproj
		SccProjectName17 = \u0022$/Commando/Code/wwphys\u0022,\u0020ZLNAAAAA
		SccLocalPath17 = wwphys
		SccProvider17 = MSSCCI:Microsoft\u0020Visual\u0020SourceSafe
		SccProjectUniqueName18 = wwsaveload\\wwsaveload.vcproj
		SccProjectName18 = \u0022$/Commando/Code/wwsaveload\u0022,\u0020RPFCAAAA
		SccLocalPath18 = wwsaveload
		SccProvider18 = MSSCCI:Microsoft\u0020Visual\u0020SourceSafe
		SccProjectUniqueName19 = wwtranslatedb\\wwtranslatedb.vcproj
		SccProjectName19 = \u0022$/Commando/Code/wwtranslatedb\u0022,\u0020VDMDAAAA
		SccLocalPath19 = wwtranslatedb
		SccProvider19 = MSSCCI:Microsoft\u0020Visual\u0020SourceSafe
		SccProjectUniqueName20 = wwui\\wwui.vcproj
		SccProjectName20 = \u0022$/Commando/Code/wwui\u0022,\u0020FKCEAAAA
		SccLocalPath20 = wwui
		SccProvider20 = MSSCCI:Microsoft\u0020Visual\u0020SourceSafe
		SccProjectUniqueName21 = wwutil\\wwutil.vcproj
		SccProjectName21 = \u0022$/Commando/Code/wwutil\u0022,\u0020ACDBAAAA
		SccLocalPath21 = wwutil
		SccProvider21 = MSSCCI:Microsoft\u0020Visual\u0020SourceSafe
	EndGlobalSection
	GlobalSection(SolutionConfiguration) = preSolution
		Debug = Debug
		Debug Compressed = Debug Compressed
		DebugE = DebugE
		GMax Hybrid = GMax Hybrid
		GMax Release = GMax Release
		Hybrid = Hybrid
		mainMax4Hybrid = mainMax4Hybrid
		Max4Release = Max4Release
		Profile = Profile
		ProfileE = ProfileE
		Release = Release
	EndGlobalSection
	GlobalSection(ProjectConfiguration) = postSolution
		{9EEEDD2E-5EAA-494A-8F1F-F500C767B835}.Debug.ActiveCfg = Debug|Win32
		{9EEEDD2E-5EAA-494A-8F1F-F500C767B835}.Debug.Build.0 = Debug|Win32
		{9EEEDD2E-5EAA-494A-8F1F-F500C767B835}.Debug Compressed.ActiveCfg = Debug|Win32
		{9EEEDD2E-5EAA-494A-8F1F-F500C767B835}.Debug Compressed.Build.0 = Debug|Win32
		{9EEEDD2E-5EAA-494A-8F1F-F500C767B835}.DebugE.ActiveCfg = Debug|Win32
		{9EEEDD2E-5EAA-494A-8F1F-F500C767B835}.DebugE.Build.0 = Debug|Win32
		{9EEEDD2E-5EAA-494A-8F1F-F500C767B835}.GMax Hybrid.ActiveCfg = Debug|Win32
		{9EEEDD2E-5EAA-494A-8F1F-F500C767B835}.GMax Hybrid.Build.0 = Debug|Win32
		{9EEEDD2E-5EAA-494A-8F1F-F500C767B835}.GMax Release.ActiveCfg = Release|Win32
		{9EEEDD2E-5EAA-494A-8F1F-F500C767B835}.GMax Release.Build.0 = Release|Win32
		{9EEEDD2E-5EAA-494A-8F1F-F500C767B835}.Hybrid.ActiveCfg = Debug|Win32
		{9EEEDD2E-5EAA-494A-8F1F-F500C767B835}.Hybrid.Build.0 = Debug|Win32
		{9EEEDD2E-5EAA-494A-8F1F-F500C767B835}.mainMax4Hybrid.ActiveCfg = Debug|Win32
		{9EEEDD2E-5EAA-494A-8F1F-F500C767B835}.mainMax4Hybrid.Build.0 = Debug|Win32
		{9EEEDD2E-5EAA-494A-8F1F-F500C767B835}.Max4Release.ActiveCfg = Release|Win32
		{9EEEDD2E-5EAA-494A-8F1F-F500C767B835}.Max4Release.Build.0 = Release|Win32
		{9EEEDD2E-5EAA-494A-8F1F-F500C767B835}.Profile.ActiveCfg = Profile|Win32
		{9EEEDD2E-5EAA-494A-8F1F-F500C767B835}.Profile.Build.0 = Profile|Win32
		{9EEEDD2E-5EAA-494A-8F1F-F500C767B835}.ProfileE.ActiveCfg = Profile|Win32
		{9EEEDD2E-5EAA-494A-8F1F-F500C767B835}.ProfileE.Build.0 = Profile|Win32
		{9EEEDD2E-5EAA-494A-8F1F-F500C767B835}.Release.ActiveCfg = Release|Win32
		{9EEEDD2E-5EAA-494A-8F1F-F500C767B835}.Release.Build.0 = Release|Win32
		{2B266F0D-3682-466A-AF43-02AC72637A97}.Debug.ActiveCfg = Debug|Win32
		{2B266F0D-3682-466A-AF43-02AC72637A97}.Debug.Build.0 = Debug|Win32
		{2B266F0D-3682-466A-AF43-02AC72637A97}.Debug Compressed.ActiveCfg = Debug|Win32
		{2B266F0D-3682-466A-AF43-02AC72637A97}.Debug Compressed.Build.0 = Debug|Win32
		{2B266F0D-3682-466A-AF43-02AC72637A97}.DebugE.ActiveCfg = Debug|Win32
		{2B266F0D-3682-466A-AF43-02AC72637A97}.DebugE.Build.0 = Debug|Win32
		{2B266F0D-3682-466A-AF43-02AC72637A97}.GMax Hybrid.ActiveCfg = Debug|Win32
		{2B266F0D-3682-466A-AF43-02AC72637A97}.GMax Hybrid.Build.0 = Debug|Win32
		{2B266F0D-3682-466A-AF43-02AC72637A97}.GMax Release.ActiveCfg = Release|Win32
		{2B266F0D-3682-466A-AF43-02AC72637A97}.GMax Release.Build.0 = Release|Win32
		{2B266F0D-3682-466A-AF43-02AC72637A97}.Hybrid.ActiveCfg = Debug|Win32
		{2B266F0D-3682-466A-AF43-02AC72637A97}.Hybrid.Build.0 = Debug|Win32
		{2B266F0D-3682-466A-AF43-02AC72637A97}.mainMax4Hybrid.ActiveCfg = Debug|Win32
		{2B266F0D-3682-466A-AF43-02AC72637A97}.mainMax4Hybrid.Build.0 = Debug|Win32
		{2B266F0D-3682-466A-AF43-02AC72637A97}.Max4Release.ActiveCfg = Release|Win32
		{2B266F0D-3682-466A-AF43-02AC72637A97}.Max4Release.Build.0 = Release|Win32
		{2B266F0D-3682-466A-AF43-02AC72637A97}.Profile.ActiveCfg = Profile|Win32
		{2B266F0D-3682-466A-AF43-02AC72637A97}.Profile.Build.0 = Profile|Win32
		{2B266F0D-3682-466A-AF43-02AC72637A97}.ProfileE.ActiveCfg = Profile|Win32
		{2B266F0D-3682-466A-AF43-02AC72637A97}.ProfileE.Build.0 = Profile|Win32
		{2B266F0D-3682-466A-AF43-02AC72637A97}.Release.ActiveCfg = Release|Win32
		{2B266F0D-3682-466A-AF43-02AC72637A97}.Release.Build.0 = Release|Win32
		{922AAF94-42CB-48DD-B767-DF8E9A635243}.Debug.ActiveCfg = Debug|Win32
		{922AAF94-42CB-48DD-B767-DF8E9A635243}.Debug.Build.0 = Debug|Win32
		{922AAF94-42CB-48DD-B767-DF8E9A635243}.Debug Compressed.ActiveCfg = Debug|Win32
		{922AAF94-42CB-48DD-B767-DF8E9A635243}.Debug Compressed.Build.0 = Debug|Win32
		{922AAF94-42CB-48DD-B767-DF8E9A635243}.DebugE.ActiveCfg = DebugE|Win32
		{922AAF94-42CB-48DD-B767-DF8E9A635243}.DebugE.Build.0 = DebugE|Win32
		{922AAF94-42CB-48DD-B767-DF8E9A635243}.GMax Hybrid.ActiveCfg = ProfileE|Win32
		{922AAF94-42CB-48DD-B767-DF8E9A635243}.GMax Hybrid.Build.0 = ProfileE|Win32
		{922AAF94-42CB-48DD-B767-DF8E9A635243}.GMax Release.ActiveCfg = Release|Win32
		{922AAF94-42CB-48DD-B767-DF8E9A635243}.GMax Release.Build.0 = Release|Win32
		{922AAF94-42CB-48DD-B767-DF8E9A635243}.Hybrid.ActiveCfg = ProfileE|Win32
		{922AAF94-42CB-48DD-B767-DF8E9A635243}.Hybrid.Build.0 = ProfileE|Win32
		{922AAF94-42CB-48DD-B767-DF8E9A635243}.mainMax4Hybrid.ActiveCfg = ProfileE|Win32
		{922AAF94-42CB-48DD-B767-DF8E9A635243}.mainMax4Hybrid.Build.0 = ProfileE|Win32
		{922AAF94-42CB-48DD-B767-DF8E9A635243}.Max4Release.ActiveCfg = Release|Win32
		{922AAF94-42CB-48DD-B767-DF8E9A635243}.Max4Release.Build.0 = Release|Win32
		{922AAF94-42CB-48DD-B767-DF8E9A635243}.Profile.ActiveCfg = Profile|Win32
		{922AAF94-42CB-48DD-B767-DF8E9A635243}.Profile.Build.0 = Profile|Win32
		{922AAF94-42CB-48DD-B767-DF8E9A635243}.ProfileE.ActiveCfg = ProfileE|Win32
		{922AAF94-42CB-48DD-B767-DF8E9A635243}.ProfileE.Build.0 = ProfileE|Win32
		{922AAF94-42CB-48DD-B767-DF8E9A635243}.Release.ActiveCfg = Release|Win32
		{922AAF94-42CB-48DD-B767-DF8E9A635243}.Release.Build.0 = Release|Win32
		{7413986F-F312-4AEE-BC64-AF811ED53117}.Debug.ActiveCfg = DebugE|Win32
		{7413986F-F312-4AEE-BC64-AF811ED53117}.Debug.Build.0 = DebugE|Win32
		{7413986F-F312-4AEE-BC64-AF811ED53117}.Debug Compressed.ActiveCfg = DebugE|Win32
		{7413986F-F312-4AEE-BC64-AF811ED53117}.Debug Compressed.Build.0 = DebugE|Win32
		{7413986F-F312-4AEE-BC64-AF811ED53117}.DebugE.ActiveCfg = DebugE|Win32
		{7413986F-F312-4AEE-BC64-AF811ED53117}.DebugE.Build.0 = DebugE|Win32
		{7413986F-F312-4AEE-BC64-AF811ED53117}.GMax Hybrid.ActiveCfg = ProfileE|Win32
		{7413986F-F312-4AEE-BC64-AF811ED53117}.GMax Hybrid.Build.0 = ProfileE|Win32
		{7413986F-F312-4AEE-BC64-AF811ED53117}.GMax Release.ActiveCfg = ProfileE|Win32
		{7413986F-F312-4AEE-BC64-AF811ED53117}.GMax Release.Build.0 = ProfileE|Win32
		{7413986F-F312-4AEE-BC64-AF811ED53117}.Hybrid.ActiveCfg = ProfileE|Win32
		{7413986F-F312-4AEE-BC64-AF811ED53117}.Hybrid.Build.0 = ProfileE|Win32
		{7413986F-F312-4AEE-BC64-AF811ED53117}.mainMax4Hybrid.ActiveCfg = ProfileE|Win32
		{7413986F-F312-4AEE-BC64-AF811ED53117}.mainMax4Hybrid.Build.0 = ProfileE|Win32
		{7413986F-F312-4AEE-BC64-AF811ED53117}.Max4Release.ActiveCfg = ProfileE|Win32
		{7413986F-F312-4AEE-BC64-AF811ED53117}.Max4Release.Build.0 = ProfileE|Win32
		{7413986F-F312-4AEE-BC64-AF811ED53117}.Profile.ActiveCfg = ProfileE|Win32
		{7413986F-F312-4AEE-BC64-AF811ED53117}.Profile.Build.0 = ProfileE|Win32
		{7413986F-F312-4AEE-BC64-AF811ED53117}.ProfileE.ActiveCfg = ProfileE|Win32
		{7413986F-F312-4AEE-BC64-AF811ED53117}.ProfileE.Build.0 = ProfileE|Win32
		{7413986F-F312-4AEE-BC64-AF811ED53117}.Release.ActiveCfg = ProfileE|Win32
		{7413986F-F312-4AEE-BC64-AF811ED53117}.Release.Build.0 = ProfileE|Win32
		{D7723C49-7831-4DFF-A166-26E4158E53E9}.Debug.ActiveCfg = Debug|Win32
		{D7723C49-7831-4DFF-A166-26E4158E53E9}.Debug.Build.0 = Debug|Win32
		{D7723C49-7831-4DFF-A166-26E4158E53E9}.Debug Compressed.ActiveCfg = Debug|Win32
		{D7723C49-7831-4DFF-A166-26E4158E53E9}.Debug Compressed.Build.0 = Debug|Win32
		{D7723C49-7831-4DFF-A166-26E4158E53E9}.DebugE.ActiveCfg = Debug|Win32
		{D7723C49-7831-4DFF-A166-26E4158E53E9}.DebugE.Build.0 = Debug|Win32
		{D7723C49-7831-4DFF-A166-26E4158E53E9}.GMax Hybrid.ActiveCfg = Release|Win32
		{D7723C49-7831-4DFF-A166-26E4158E53E9}.GMax Hybrid.Build.0 = Release|Win32
		{D7723C49-7831-4DFF-A166-26E4158E53E9}.GMax Release.ActiveCfg = Release|Win32
		{D7723C49-7831-4DFF-A166-26E4158E53E9}.GMax Release.Build.0 = Release|Win32
		{D7723C49-7831-4DFF-A166-26E4158E53E9}.Hybrid.ActiveCfg = Release|Win32
		{D7723C49-7831-4DFF-A166-26E4158E53E9}.Hybrid.Build.0 = Release|Win32
		{D7723C49-7831-4DFF-A166-26E4158E53E9}.mainMax4Hybrid.ActiveCfg = Release|Win32
		{D7723C49-7831-4DFF-A166-26E4158E53E9}.mainMax4Hybrid.Build.0 = Release|Win32
		{D7723C49-7831-4DFF-A166-26E4158E53E9}.Max4Release.ActiveCfg = Release|Win32
		{D7723C49-7831-4DFF-A166-26E4158E53E9}.Max4Release.Build.0 = Release|Win32
		{D7723C49-7831-4DFF-A166-26E4158E53E9}.Profile.ActiveCfg = Profile|Win32
		{D7723C49-7831-4DFF-A166-26E4158E53E9}.Profile.Build.0 = Profile|Win32
		{D7723C49-7831-4DFF-A166-26E4158E53E9}.ProfileE.ActiveCfg = Profile|Win32
		{D7723C49-7831-4DFF-A166-26E4158E53E9}.ProfileE.Build.0 = Profile|Win32
		{D7723C49-7831-4DFF-A166-26E4158E53E9}.Release.ActiveCfg = Release|Win32
		{D7723C49-7831-4DFF-A166-26E4158E53E9}.Release.Build.0 = Release|Win32
		{B6461499-6053-41B6-960E-03F5385722C7}.Debug.ActiveCfg = Debug|Win32
		{B6461499-6053-41B6-960E-03F5385722C7}.Debug.Build.0 = Debug|Win32
		{B6461499-6053-41B6-960E-03F5385722C7}.Debug Compressed.ActiveCfg = Debug|Win32
		{B6461499-6053-41B6-960E-03F5385722C7}.Debug Compressed.Build.0 = Debug|Win32
		{B6461499-6053-41B6-960E-03F5385722C7}.DebugE.ActiveCfg = Debug|Win32
		{B6461499-6053-41B6-960E-03F5385722C7}.DebugE.Build.0 = Debug|Win32
		{B6461499-6053-41B6-960E-03F5385722C7}.GMax Hybrid.ActiveCfg = Debug|Win32
		{B6461499-6053-41B6-960E-03F5385722C7}.GMax Hybrid.Build.0 = Debug|Win32
		{B6461499-6053-41B6-960E-03F5385722C7}.GMax Release.ActiveCfg = Release|Win32
		{B6461499-6053-41B6-960E-03F5385722C7}.GMax Release.Build.0 = Release|Win32
		{B6461499-6053-41B6-960E-03F5385722C7}.Hybrid.ActiveCfg = Debug|Win32
		{B6461499-6053-41B6-960E-03F5385722C7}.Hybrid.Build.0 = Debug|Win32
		{B6461499-6053-41B6-960E-03F5385722C7}.mainMax4Hybrid.ActiveCfg = Debug|Win32
		{B6461499-6053-41B6-960E-03F5385722C7}.mainMax4Hybrid.Build.0 = Debug|Win32
		{B6461499-6053-41B6-960E-03F5385722C7}.Max4Release.ActiveCfg = Release|Win32
		{B6461499-6053-41B6-960E-03F5385722C7}.Max4Release.Build.0 = Release|Win32
		{B6461499-6053-41B6-960E-03F5385722C7}.Profile.ActiveCfg = Profile|Win32
		{B6461499-6053-41B6-960E-03F5385722C7}.Profile.Build.0 = Profile|Win32
		{B6461499-6053-41B6-960E-03F5385722C7}.ProfileE.ActiveCfg = Profile|Win32
		{B6461499-6053-41B6-960E-03F5385722C7}.ProfileE.Build.0 = Profile|Win32
		{B6461499-6053-41B6-960E-03F5385722C7}.Release.ActiveCfg = Release|Win32
		{B6461499-6053-41B6-960E-03F5385722C7}.Release.Build.0 = Release|Win32
		{BCFDC434-827A-44DF-B439-29D28298F6AA}.Debug.ActiveCfg = Debug|Win32
		{BCFDC434-827A-44DF-B439-29D28298F6AA}.Debug.Build.0 = Debug|Win32
		{BCFDC434-827A-44DF-B439-29D28298F6AA}.Debug Compressed.ActiveCfg = Debug|Win32
		{BCFDC434-827A-44DF-B439-29D28298F6AA}.Debug Compressed.Build.0 = Debug|Win32
		{BCFDC434-827A-44DF-B439-29D28298F6AA}.DebugE.ActiveCfg = DebugE|Win32
		{BCFDC434-827A-44DF-B439-29D28298F6AA}.DebugE.Build.0 = DebugE|Win32
		{BCFDC434-827A-44DF-B439-29D28298F6AA}.GMax Hybrid.ActiveCfg = Profile|Win32
		{BCFDC434-827A-44DF-B439-29D28298F6AA}.GMax Hybrid.Build.0 = Profile|Win32
		{BCFDC434-827A-44DF-B439-29D28298F6AA}.GMax Release.ActiveCfg = Release|Win32
		{BCFDC434-827A-44DF-B439-29D28298F6AA}.GMax Release.Build.0 = Release|Win32
		{BCFDC434-827A-44DF-B439-29D28298F6AA}.Hybrid.ActiveCfg = Profile|Win32
		{BCFDC434-827A-44DF-B439-29D28298F6AA}.Hybrid.Build.0 = Profile|Win32
		{BCFDC434-827A-44DF-B439-29D28298F6AA}.mainMax4Hybrid.ActiveCfg = Profile|Win32
		{BCFDC434-827A-44DF-B439-29D28298F6AA}.mainMax4Hybrid.Build.0 = Profile|Win32
		{BCFDC434-827A-44DF-B439-29D28298F6AA}.Max4Release.ActiveCfg = Release|Win32
		{BCFDC434-827A-44DF-B439-29D28298F6AA}.Max4Release.Build.0 = Release|Win32
		{BCFDC434-827A-44DF-B439-29D28298F6AA}.Profile.ActiveCfg = Profile|Win32
		{BCFDC434-827A-44DF-B439-29D28298F6AA}.Profile.Build.0 = Profile|Win32
		{BCFDC434-827A-44DF-B439-29D28298F6AA}.ProfileE.ActiveCfg = ProfileE|Win32
		{BCFDC434-827A-44DF-B439-29D28298F6AA}.ProfileE.Build.0 = ProfileE|Win32
		{BCFDC434-827A-44DF-B439-29D28298F6AA}.Release.ActiveCfg = Release|Win32
		{BCFDC434-827A-44DF-B439-29D28298F6AA}.Release.Build.0 = Release|Win32
		{280DFEB2-2FA0-4146-AA09-532C7D82E6AF}.Debug.ActiveCfg = Debug|Win32
		{280DFEB2-2FA0-4146-AA09-532C7D82E6AF}.Debug.Build.0 = Debug|Win32
		{280DFEB2-2FA0-4146-AA09-532C7D82E6AF}.Debug Compressed.ActiveCfg = Debug|Win32
		{280DFEB2-2FA0-4146-AA09-532C7D82E6AF}.Debug Compressed.Build.0 = Debug|Win32
		{280DFEB2-2FA0-4146-AA09-532C7D82E6AF}.DebugE.ActiveCfg = Debug|Win32
		{280DFEB2-2FA0-4146-AA09-532C7D82E6AF}.DebugE.Build.0 = Debug|Win32
		{280DFEB2-2FA0-4146-AA09-532C7D82E6AF}.GMax Hybrid.ActiveCfg = Release|Win32
		{280DFEB2-2FA0-4146-AA09-532C7D82E6AF}.GMax Hybrid.Build.0 = Release|Win32
		{280DFEB2-2FA0-4146-AA09-532C7D82E6AF}.GMax Release.ActiveCfg = Release|Win32
		{280DFEB2-2FA0-4146-AA09-532C7D82E6AF}.GMax Release.Build.0 = Release|Win32
		{280DFEB2-2FA0-4146-AA09-532C7D82E6AF}.Hybrid.ActiveCfg = Release|Win32
		{280DFEB2-2FA0-4146-AA09-532C7D82E6AF}.Hybrid.Build.0 = Release|Win32
		{280DFEB2-2FA0-4146-AA09-532C7D82E6AF}.mainMax4Hybrid.ActiveCfg = Release|Win32
		{280DFEB2-2FA0-4146-AA09-532C7D82E6AF}.mainMax4Hybrid.Build.0 = Release|Win32
		{280DFEB2-2FA0-4146-AA09-532C7D82E6AF}.Max4Release.ActiveCfg = Release|Win32
		{280DFEB2-2FA0-4146-AA09-532C7D82E6AF}.Max4Release.Build.0 = Release|Win32
		{280DFEB2-2FA0-4146-AA09-532C7D82E6AF}.Profile.ActiveCfg = Release|Win32
		{280DFEB2-2FA0-4146-AA09-532C7D82E6AF}.Profile.Build.0 = Release|Win32
		{280DFEB2-2FA0-4146-AA09-532C7D82E6AF}.ProfileE.ActiveCfg = Release|Win32
		{280DFEB2-2FA0-4146-AA09-532C7D82E6AF}.ProfileE.Build.0 = Release|Win32
		{280DFEB2-2FA0-4146-AA09-532C7D82E6AF}.Release.ActiveCfg = Release|Win32
		{280DFEB2-2FA0-4146-AA09-532C7D82E6AF}.Release.Build.0 = Release|Win32
		{E268C36C-34D4-4FC5-9657-ECC385CC76CD}.Debug.ActiveCfg = Debug|Win32
		{E268C36C-34D4-4FC5-9657-ECC385CC76CD}.Debug.Build.0 = Debug|Win32
		{E268C36C-34D4-4FC5-9657-ECC385CC76CD}.Debug Compressed.ActiveCfg = Debug|Win32
		{E268C36C-34D4-4FC5-9657-ECC385CC76CD}.Debug Compressed.Build.0 = Debug|Win32
		{E268C36C-34D4-4FC5-9657-ECC385CC76CD}.DebugE.ActiveCfg = Debug|Win32
		{E268C36C-34D4-4FC5-9657-ECC385CC76CD}.DebugE.Build.0 = Debug|Win32
		{E268C36C-34D4-4FC5-9657-ECC385CC76CD}.GMax Hybrid.ActiveCfg = Debug|Win32
		{E268C36C-34D4-4FC5-9657-ECC385CC76CD}.GMax Hybrid.Build.0 = Debug|Win32
		{E268C36C-34D4-4FC5-9657-ECC385CC76CD}.GMax Release.ActiveCfg = Release|Win32
		{E268C36C-34D4-4FC5-9657-ECC385CC76CD}.GMax Release.Build.0 = Release|Win32
		{E268C36C-34D4-4FC5-9657-ECC385CC76CD}.Hybrid.ActiveCfg = Debug|Win32
		{E268C36C-34D4-4FC5-9657-ECC385CC76CD}.Hybrid.Build.0 = Debug|Win32
		{E268C36C-34D4-4FC5-9657-ECC385CC76CD}.mainMax4Hybrid.ActiveCfg = Debug|Win32
		{E268C36C-34D4-4FC5-9657-ECC385CC76CD}.mainMax4Hybrid.Build.0 = Debug|Win32
		{E268C36C-34D4-4FC5-9657-ECC385CC76CD}.Max4Release.ActiveCfg = Release|Win32
		{E268C36C-34D4-4FC5-9657-ECC385CC76CD}.Max4Release.Build.0 = Release|Win32
		{E268C36C-34D4-4FC5-9657-ECC385CC76CD}.Profile.ActiveCfg = Profile|Win32
		{E268C36C-34D4-4FC5-9657-ECC385CC76CD}.Profile.Build.0 = Profile|Win32
		{E268C36C-34D4-4FC5-9657-ECC385CC76CD}.ProfileE.ActiveCfg = Profile|Win32
		{E268C36C-34D4-4FC5-9657-ECC385CC76CD}.ProfileE.Build.0 = Profile|Win32
		{E268C36C-34D4-4FC5-9657-ECC385CC76CD}.Release.ActiveCfg = Release|Win32
		{E268C36C-34D4-4FC5-9657-ECC385CC76CD}.Release.Build.0 = Release|Win32
		{0DE9539A-57DE-463C-B268-EE8AA8C8CDC4}.Debug.ActiveCfg = Debug|Win32
		{0DE9539A-57DE-463C-B268-EE8AA8C8CDC4}.Debug.Build.0 = Debug|Win32
		{0DE9539A-57DE-463C-B268-EE8AA8C8CDC4}.Debug Compressed.ActiveCfg = Debug|Win32
		{0DE9539A-57DE-463C-B268-EE8AA8C8CDC4}.Debug Compressed.Build.0 = Debug|Win32
		{0DE9539A-57DE-463C-B268-EE8AA8C8CDC4}.DebugE.ActiveCfg = Debug|Win32
		{0DE9539A-57DE-463C-B268-EE8AA8C8CDC4}.DebugE.Build.0 = Debug|Win32
		{0DE9539A-57DE-463C-B268-EE8AA8C8CDC4}.GMax Hybrid.ActiveCfg = Debug|Win32
		{0DE9539A-57DE-463C-B268-EE8AA8C8CDC4}.GMax Hybrid.Build.0 = Debug|Win32
		{0DE9539A-57DE-463C-B268-EE8AA8C8CDC4}.GMax Release.ActiveCfg = Release|Win32
		{0DE9539A-57DE-463C-B268-EE8AA8C8CDC4}.GMax Release.Build.0 = Release|Win32
		{0DE9539A-57DE-463C-B268-EE8AA8C8CDC4}.Hybrid.ActiveCfg = Debug|Win32
		{0DE9539A-57DE-463C-B268-EE8AA8C8CDC4}.Hybrid.Build.0 = Debug|Win32
		{0DE9539A-57DE-463C-B268-EE8AA8C8CDC4}.mainMax4Hybrid.ActiveCfg = Debug|Win32
		{0DE9539A-57DE-463C-B268-EE8AA8C8CDC4}.mainMax4Hybrid.Build.0 = Debug|Win32
		{0DE9539A-57DE-463C-B268-EE8AA8C8CDC4}.Max4Release.ActiveCfg = Release|Win32
		{0DE9539A-57DE-463C-B268-EE8AA8C8CDC4}.Max4Release.Build.0 = Release|Win32
		{0DE9539A-57DE-463C-B268-EE8AA8C8CDC4}.Profile.ActiveCfg = Profile|Win32
		{0DE9539A-57DE-463C-B268-EE8AA8C8CDC4}.Profile.Build.0 = Profile|Win32
		{0DE9539A-57DE-463C-B268-EE8AA8C8CDC4}.ProfileE.ActiveCfg = Profile|Win32
		{0DE9539A-57DE-463C-B268-EE8AA8C8CDC4}.ProfileE.Build.0 = Profile|Win32
		{0DE9539A-57DE-463C-B268-EE8AA8C8CDC4}.Release.ActiveCfg = Release|Win32
		{0DE9539A-57DE-463C-B268-EE8AA8C8CDC4}.Release.Build.0 = Release|Win32
		{78F579E2-9D62-40CD-A54D-634964E820C5}.Debug.ActiveCfg = Debug|Win32
		{78F579E2-9D62-40CD-A54D-634964E820C5}.Debug.Build.0 = Debug|Win32
		{78F579E2-9D62-40CD-A54D-634964E820C5}.Debug Compressed.ActiveCfg = Debug|Win32
		{78F579E2-9D62-40CD-A54D-634964E820C5}.Debug Compressed.Build.0 = Debug|Win32
		{78F579E2-9D62-40CD-A54D-634964E820C5}.DebugE.ActiveCfg = Debug|Win32
		{78F579E2-9D62-40CD-A54D-634964E820C5}.DebugE.Build.0 = Debug|Win32
		{78F579E2-9D62-40CD-A54D-634964E820C5}.GMax Hybrid.ActiveCfg = GMax Hybrid|Win32
		{78F579E2-9D62-40CD-A54D-634964E820C5}.GMax Hybrid.Build.0 = GMax Hybrid|Win32
		{78F579E2-9D62-40CD-A54D-634964E820C5}.GMax Release.ActiveCfg = GMax Release|Win32
		{78F579E2-9D62-40CD-A54D-634964E820C5}.GMax Release.Build.0 = GMax Release|Win32
		{78F579E2-9D62-40CD-A54D-634964E820C5}.Hybrid.ActiveCfg = Hybrid|Win32
		{78F579E2-9D62-40CD-A54D-634964E820C5}.Hybrid.Build.0 = Hybrid|Win32
		{78F579E2-9D62-40CD-A54D-634964E820C5}.mainMax4Hybrid.ActiveCfg = mainMax4Hybrid|Win32
		{78F579E2-9D62-40CD-A54D-634964E820C5}.mainMax4Hybrid.Build.0 = mainMax4Hybrid|Win32
		{78F579E2-9D62-40CD-A54D-634964E820C5}.Max4Release.ActiveCfg = Max4Release|Win32
		{78F579E2-9D62-40CD-A54D-634964E820C5}.Max4Release.Build.0 = Max4Release|Win32
		{78F579E2-9D62-40CD-A54D-634964E820C5}.Profile.ActiveCfg = Hybrid|Win32
		{78F579E2-9D62-40CD-A54D-634964E820C5}.Profile.Build.0 = Hybrid|Win32
		{78F579E2-9D62-40CD-A54D-634964E820C5}.ProfileE.ActiveCfg = Hybrid|Win32
		{78F579E2-9D62-40CD-A54D-634964E820C5}.ProfileE.Build.0 = Hybrid|Win32
		{78F579E2-9D62-40CD-A54D-634964E820C5}.Release.ActiveCfg = Release|Win32
		{78F579E2-9D62-40CD-A54D-634964E820C5}.Release.Build.0 = Release|Win32
		{989D1310-CD48-40FB-9851-BBA30553CE35}.Debug.ActiveCfg = Debug|Win32
		{989D1310-CD48-40FB-9851-BBA30553CE35}.Debug.Build.0 = Debug|Win32
		{989D1310-CD48-40FB-9851-BBA30553CE35}.Debug Compressed.ActiveCfg = Debug Compressed|Win32
		{989D1310-CD48-40FB-9851-BBA30553CE35}.Debug Compressed.Build.0 = Debug Compressed|Win32
		{989D1310-CD48-40FB-9851-BBA30553CE35}.DebugE.ActiveCfg = DebugE|Win32
		{989D1310-CD48-40FB-9851-BBA30553CE35}.DebugE.Build.0 = DebugE|Win32
		{989D1310-CD48-40FB-9851-BBA30553CE35}.GMax Hybrid.ActiveCfg = Release|Win32
		{989D1310-CD48-40FB-9851-BBA30553CE35}.GMax Hybrid.Build.0 = Release|Win32
		{989D1310-CD48-40FB-9851-BBA30553CE35}.GMax Release.ActiveCfg = Release|Win32
		{989D1310-CD48-40FB-9851-BBA30553CE35}.GMax Release.Build.0 = Release|Win32
		{989D1310-CD48-40FB-9851-BBA30553CE35}.Hybrid.ActiveCfg = Release|Win32
		{989D1310-CD48-40FB-9851-BBA30553CE35}.Hybrid.Build.0 = Release|Win32
		{989D1310-CD48-40FB-9851-BBA30553CE35}.mainMax4Hybrid.ActiveCfg = Release|Win32
		{989D1310-CD48-40FB-9851-BBA30553CE35}.mainMax4Hybrid.Build.0 = Release|Win32
		{989D1310-CD48-40FB-9851-BBA30553CE35}.Max4Release.ActiveCfg = Release|Win32
		{989D1310-CD48-40FB-9851-BBA30553CE35}.Max4Release.Build.0 = Release|Win32
		{989D1310-CD48-40FB-9851-BBA30553CE35}.Profile.ActiveCfg = Profile|Win32
		{989D1310-CD48-40FB-9851-BBA30553CE35}.Profile.Build.0 = Profile|Win32
		{989D1310-CD48-40FB-9851-BBA30553CE35}.ProfileE.ActiveCfg = ProfileE|Win32
		{989D1310-CD48-40FB-9851-BBA30553CE35}.ProfileE.Build.0 = ProfileE|Win32
		{989D1310-CD48-40FB-9851-BBA30553CE35}.Release.ActiveCfg = Release|Win32
		{989D1310-CD48-40FB-9851-BBA30553CE35}.Release.Build.0 = Release|Win32
		{30C145C7-9ADD-4EA3-B161-4C692E49CADC}.Debug.ActiveCfg = Debug|Win32
		{30C145C7-9ADD-4EA3-B161-4C692E49CADC}.Debug.Build.0 = Debug|Win32
		{30C145C7-9ADD-4EA3-B161-4C692E49CADC}.Debug Compressed.ActiveCfg = Debug|Win32
		{30C145C7-9ADD-4EA3-B161-4C692E49CADC}.Debug Compressed.Build.0 = Debug|Win32
		{30C145C7-9ADD-4EA3-B161-4C692E49CADC}.DebugE.ActiveCfg = Debug|Win32
		{30C145C7-9ADD-4EA3-B161-4C692E49CADC}.DebugE.Build.0 = Debug|Win32
		{30C145C7-9ADD-4EA3-B161-4C692E49CADC}.GMax Hybrid.ActiveCfg = Debug|Win32
		{30C145C7-9ADD-4EA3-B161-4C692E49CADC}.GMax Hybrid.Build.0 = Debug|Win32
		{30C145C7-9ADD-4EA3-B161-4C692E49CADC}.GMax Release.ActiveCfg = Release|Win32
		{30C145C7-9ADD-4EA3-B161-4C692E49CADC}.GMax Release.Build.0 = Release|Win32
		{30C145C7-9ADD-4EA3-B161-4C692E49CADC}.Hybrid.ActiveCfg = Debug|Win32
		{30C145C7-9ADD-4EA3-B161-4C692E49CADC}.Hybrid.Build.0 = Debug|Win32
		{30C145C7-9ADD-4EA3-B161-4C692E49CADC}.mainMax4Hybrid.ActiveCfg = Debug|Win32
		{30C145C7-9ADD-4EA3-B161-4C692E49CADC}.mainMax4Hybrid.Build.0 = Debug|Win32
		{30C145C7-9ADD-4EA3-B161-4C692E49CADC}.Max4Release.ActiveCfg = Release|Win32
		{30C145C7-9ADD-4EA3-B161-4C692E49CADC}.Max4Release.Build.0 = Release|Win32
		{30C145C7-9ADD-4EA3-B161-4C692E49CADC}.Profile.ActiveCfg = Profile|Win32
		{30C145C7-9ADD-4EA3-B161-4C692E49CADC}.Profile.Build.0 = Profile|Win32
		{30C145C7-9ADD-4EA3-B161-4C692E49CADC}.ProfileE.ActiveCfg = Profile|Win32
		{30C145C7-9ADD-4EA3-B161-4C692E49CADC}.ProfileE.Build.0 = Profile|Win32
		{30C145C7-9ADD-4EA3-B161-4C692E49CADC}.Release.ActiveCfg = Release|Win32
		{30C145C7-9ADD-4EA3-B161-4C692E49CADC}.Release.Build.0 = Release|Win32
		{0A91FBE6-A88A-4C53-9E12-E63A654E8997}.Debug.ActiveCfg = Debug|Win32
		{0A91FBE6-A88A-4C53-9E12-E63A654E8997}.Debug.Build.0 = Debug|Win32
		{0A91FBE6-A88A-4C53-9E12-E63A654E8997}.Debug Compressed.ActiveCfg = Debug|Win32
		{0A91FBE6-A88A-4C53-9E12-E63A654E8997}.Debug Compressed.Build.0 = Debug|Win32
		{0A91FBE6-A88A-4C53-9E12-E63A654E8997}.DebugE.ActiveCfg = DebugE|Win32
		{0A91FBE6-A88A-4C53-9E12-E63A654E8997}.DebugE.Build.0 = DebugE|Win32
		{0A91FBE6-A88A-4C53-9E12-E63A654E8997}.GMax Hybrid.ActiveCfg = DebugE|Win32
		{0A91FBE6-A88A-4C53-9E12-E63A654E8997}.GMax Hybrid.Build.0 = DebugE|Win32
		{0A91FBE6-A88A-4C53-9E12-E63A654E8997}.GMax Release.ActiveCfg = Release|Win32
		{0A91FBE6-A88A-4C53-9E12-E63A654E8997}.GMax Release.Build.0 = Release|Win32
		{0A91FBE6-A88A-4C53-9E12-E63A654E8997}.Hybrid.ActiveCfg = DebugE|Win32
		{0A91FBE6-A88A-4C53-9E12-E63A654E8997}.Hybrid.Build.0 = DebugE|Win32
		{0A91FBE6-A88A-4C53-9E12-E63A654E8997}.mainMax4Hybrid.ActiveCfg = DebugE|Win32
		{0A91FBE6-A88A-4C53-9E12-E63A654E8997}.mainMax4Hybrid.Build.0 = DebugE|Win32
		{0A91FBE6-A88A-4C53-9E12-E63A654E8997}.Max4Release.ActiveCfg = Release|Win32
		{0A91FBE6-A88A-4C53-9E12-E63A654E8997}.Max4Release.Build.0 = Release|Win32
		{0A91FBE6-A88A-4C53-9E12-E63A654E8997}.Profile.ActiveCfg = Profile|Win32
		{0A91FBE6-A88A-4C53-9E12-E63A654E8997}.Profile.Build.0 = Profile|Win32
		{0A91FBE6-A88A-4C53-9E12-E63A654E8997}.ProfileE.ActiveCfg = ProfileE|Win32
		{0A91FBE6-A88A-4C53-9E12-E63A654E8997}.ProfileE.Build.0 = ProfileE|Win32
		{0A91FBE6-A88A-4C53-9E12-E63A654E8997}.Release.ActiveCfg = Release|Win32
		{0A91FBE6-A88A-4C53-9E12-E63A654E8997}.Release.Build.0 = Release|Win32
		{A39CE337-407C-458D-A9A1-C4778F49D3B1}.Debug.ActiveCfg = Debug|Win32
		{A39CE337-407C-458D-A9A1-C4778F49D3B1}.Debug.Build.0 = Debug|Win32
		{A39CE337-407C-458D-A9A1-C4778F49D3B1}.Debug Compressed.ActiveCfg = Debug|Win32
		{A39CE337-407C-458D-A9A1-C4778F49D3B1}.Debug Compressed.Build.0 = Debug|Win32
		{A39CE337-407C-458D-A9A1-C4778F49D3B1}.DebugE.ActiveCfg = Debug|Win32
		{A39CE337-407C-458D-A9A1-C4778F49D3B1}.DebugE.Build.0 = Debug|Win32
		{A39CE337-407C-458D-A9A1-C4778F49D3B1}.GMax Hybrid.ActiveCfg = Profile|Win32
		{A39CE337-407C-458D-A9A1-C4778F49D3B1}.GMax Hybrid.Build.0 = Profile|Win32
		{A39CE337-407C-458D-A9A1-C4778F49D3B1}.GMax Release.ActiveCfg = Release|Win32
		{A39CE337-407C-458D-A9A1-C4778F49D3B1}.GMax Release.Build.0 = Release|Win32
		{A39CE337-407C-458D-A9A1-C4778F49D3B1}.Hybrid.ActiveCfg = Profile|Win32
		{A39CE337-407C-458D-A9A1-C4778F49D3B1}.Hybrid.Build.0 = Profile|Win32
		{A39CE337-407C-458D-A9A1-C4778F49D3B1}.mainMax4Hybrid.ActiveCfg = Profile|Win32
		{A39CE337-407C-458D-A9A1-C4778F49D3B1}.mainMax4Hybrid.Build.0 = Profile|Win32
		{A39CE337-407C-458D-A9A1-C4778F49D3B1}.Max4Release.ActiveCfg = Release|Win32
		{A39CE337-407C-458D-A9A1-C4778F49D3B1}.Max4Release.Build.0 = Release|Win32
		{A39CE337-407C-458D-A9A1-C4778F49D3B1}.Profile.ActiveCfg = Profile|Win32
		{A39CE337-407C-458D-A9A1-C4778F49D3B1}.Profile.Build.0 = Profile|Win32
		{A39CE337-407C-458D-A9A1-C4778F49D3B1}.ProfileE.ActiveCfg = Profile|Win32
		{A39CE337-407C-458D-A9A1-C4778F49D3B1}.ProfileE.Build.0 = Profile|Win32
		{A39CE337-407C-458D-A9A1-C4778F49D3B1}.Release.ActiveCfg = Release|Win32
		{A39CE337-407C-458D-A9A1-C4778F49D3B1}.Release.Build.0 = Release|Win32
		{5E143C2E-EE66-4821-A54B-4C0A1909A2CB}.Debug.ActiveCfg = Debug|Win32
		{5E143C2E-EE66-4821-A54B-4C0A1909A2CB}.Debug.Build.0 = Debug|Win32
		{5E143C2E-EE66-4821-A54B-4C0A1909A2CB}.Debug Compressed.ActiveCfg = Debug|Win32
		{5E143C2E-EE66-4821-A54B-4C0A1909A2CB}.Debug Compressed.Build.0 = Debug|Win32
		{5E143C2E-EE66-4821-A54B-4C0A1909A2CB}.DebugE.ActiveCfg = Debug|Win32
		{5E143C2E-EE66-4821-A54B-4C0A1909A2CB}.DebugE.Build.0 = Debug|Win32
		{5E143C2E-EE66-4821-A54B-4C0A1909A2CB}.GMax Hybrid.ActiveCfg = Profile|Win32
		{5E143C2E-EE66-4821-A54B-4C0A1909A2CB}.GMax Hybrid.Build.0 = Profile|Win32
		{5E143C2E-EE66-4821-A54B-4C0A1909A2CB}.GMax Release.ActiveCfg = Release|Win32
		{5E143C2E-EE66-4821-A54B-4C0A1909A2CB}.GMax Release.Build.0 = Release|Win32
		{5E143C2E-EE66-4821-A54B-4C0A1909A2CB}.Hybrid.ActiveCfg = Profile|Win32
		{5E143C2E-EE66-4821-A54B-4C0A1909A2CB}.Hybrid.Build.0 = Profile|Win32
		{5E143C2E-EE66-4821-A54B-4C0A1909A2CB}.mainMax4Hybrid.ActiveCfg = Profile|Win32
		{5E143C2E-EE66-4821-A54B-4C0A1909A2CB}.mainMax4Hybrid.Build.0 = Profile|Win32
		{5E143C2E-EE66-4821-A54B-4C0A1909A2CB}.Max4Release.ActiveCfg = Release|Win32
		{5E143C2E-EE66-4821-A54B-4C0A1909A2CB}.Max4Release.Build.0 = Release|Win32
		{5E143C2E-EE66-4821-A54B-4C0A1909A2CB}.Profile.ActiveCfg = Profile|Win32
		{5E143C2E-EE66-4821-A54B-4C0A1909A2CB}.Profile.Build.0 = Profile|Win32
		{5E143C2E-EE66-4821-A54B-4C0A1909A2CB}.ProfileE.ActiveCfg = Profile|Win32
		{5E143C2E-EE66-4821-A54B-4C0A1909A2CB}.ProfileE.Build.0 = Profile|Win32
		{5E143C2E-EE66-4821-A54B-4C0A1909A2CB}.Release.ActiveCfg = Release|Win32
		{5E143C2E-EE66-4821-A54B-4C0A1909A2CB}.Release.Build.0 = Release|Win32
		{B60BFEA1-CE6A-4573-8861-076861594D28}.Debug.ActiveCfg = Debug|Win32
		{B60BFEA1-CE6A-4573-8861-076861594D28}.Debug.Build.0 = Debug|Win32
		{B60BFEA1-CE6A-4573-8861-076861594D28}.Debug Compressed.ActiveCfg = Debug|Win32
		{B60BFEA1-CE6A-4573-8861-076861594D28}.Debug Compressed.Build.0 = Debug|Win32
		{B60BFEA1-CE6A-4573-8861-076861594D28}.DebugE.ActiveCfg = Debug|Win32
		{B60BFEA1-CE6A-4573-8861-076861594D28}.DebugE.Build.0 = Debug|Win32
		{B60BFEA1-CE6A-4573-8861-076861594D28}.GMax Hybrid.ActiveCfg = Debug|Win32
		{B60BFEA1-CE6A-4573-8861-076861594D28}.GMax Hybrid.Build.0 = Debug|Win32
		{B60BFEA1-CE6A-4573-8861-076861594D28}.GMax Release.ActiveCfg = Release|Win32
		{B60BFEA1-CE6A-4573-8861-076861594D28}.GMax Release.Build.0 = Release|Win32
		{B60BFEA1-CE6A-4573-8861-076861594D28}.Hybrid.ActiveCfg = Debug|Win32
		{B60BFEA1-CE6A-4573-8861-076861594D28}.Hybrid.Build.0 = Debug|Win32
		{B60BFEA1-CE6A-4573-8861-076861594D28}.mainMax4Hybrid.ActiveCfg = Debug|Win32
		{B60BFEA1-CE6A-4573-8861-076861594D28}.mainMax4Hybrid.Build.0 = Debug|Win32
		{B60BFEA1-CE6A-4573-8861-076861594D28}.Max4Release.ActiveCfg = Release|Win32
		{B60BFEA1-CE6A-4573-8861-076861594D28}.Max4Release.Build.0 = Release|Win32
		{B60BFEA1-CE6A-4573-8861-076861594D28}.Profile.ActiveCfg = Profile|Win32
		{B60BFEA1-CE6A-4573-8861-076861594D28}.Profile.Build.0 = Profile|Win32
		{B60BFEA1-CE6A-4573-8861-076861594D28}.ProfileE.ActiveCfg = Profile|Win32
		{B60BFEA1-CE6A-4573-8861-076861594D28}.ProfileE.Build.0 = Profile|Win32
		{B60BFEA1-CE6A-4573-8861-076861594D28}.Release.ActiveCfg = Release|Win32
		{B60BFEA1-CE6A-4573-8861-076861594D28}.Release.Build.0 = Release|Win32
		{66B1ACD5-10AC-4BBC-9E02-FF8A4340390F}.Debug.ActiveCfg = Debug|Win32
		{66B1ACD5-10AC-4BBC-9E02-FF8A4340390F}.Debug.Build.0 = Debug|Win32
		{66B1ACD5-10AC-4BBC-9E02-FF8A4340390F}.Debug Compressed.ActiveCfg = Debug|Win32
		{66B1ACD5-10AC-4BBC-9E02-FF8A4340390F}.Debug Compressed.Build.0 = Debug|Win32
		{66B1ACD5-10AC-4BBC-9E02-FF8A4340390F}.DebugE.ActiveCfg = DebugE|Win32
		{66B1ACD5-10AC-4BBC-9E02-FF8A4340390F}.DebugE.Build.0 = DebugE|Win32
		{66B1ACD5-10AC-4BBC-9E02-FF8A4340390F}.GMax Hybrid.ActiveCfg = ProfileE|Win32
		{66B1ACD5-10AC-4BBC-9E02-FF8A4340390F}.GMax Hybrid.Build.0 = ProfileE|Win32
		{66B1ACD5-10AC-4BBC-9E02-FF8A4340390F}.GMax Release.ActiveCfg = Release|Win32
		{66B1ACD5-10AC-4BBC-9E02-FF8A4340390F}.GMax Release.Build.0 = Release|Win32
		{66B1ACD5-10AC-4BBC-9E02-FF8A4340390F}.Hybrid.ActiveCfg = ProfileE|Win32
		{66B1ACD5-10AC-4BBC-9E02-FF8A4340390F}.Hybrid.Build.0 = ProfileE|Win32
		{66B1ACD5-10AC-4BBC-9E02-FF8A4340390F}.mainMax4Hybrid.ActiveCfg = ProfileE|Win32
		{66B1ACD5-10AC-4BBC-9E02-FF8A4340390F}.mainMax4Hybrid.Build.0 = ProfileE|Win32
		{66B1ACD5-10AC-4BBC-9E02-FF8A4340390F}.Max4Release.ActiveCfg = Release|Win32
		{66B1ACD5-10AC-4BBC-9E02-FF8A4340390F}.Max4Release.Build.0 = Release|Win32
		{66B1ACD5-10AC-4BBC-9E02-FF8A4340390F}.Profile.ActiveCfg = Profile|Win32
		{66B1ACD5-10AC-4BBC-9E02-FF8A4340390F}.Profile.Build.0 = Profile|Win32
		{66B1ACD5-10AC-4BBC-9E02-FF8A4340390F}.ProfileE.ActiveCfg = ProfileE|Win32
		{66B1ACD5-10AC-4BBC-9E02-FF8A4340390F}.ProfileE.Build.0 = ProfileE|Win32
		{66B1ACD5-10AC-4BBC-9E02-FF8A4340390F}.Release.ActiveCfg = Release|Win32
		{66B1ACD5-10AC-4BBC-9E02-FF8A4340390F}.Release.Build.0 = Release|Win32
		{8A1878D5-2241-4123-863B-B50EB34D067F}.Debug.ActiveCfg = Debug|Win32
		{8A1878D5-2241-4123-863B-B50EB34D067F}.Debug.Build.0 = Debug|Win32
		{8A1878D5-2241-4123-863B-B50EB34D067F}.Debug Compressed.ActiveCfg = Debug|Win32
		{8A1878D5-2241-4123-863B-B50EB34D067F}.Debug Compressed.Build.0 = Debug|Win32
		{8A1878D5-2241-4123-863B-B50EB34D067F}.DebugE.ActiveCfg = DebugE|Win32
		{8A1878D5-2241-4123-863B-B50EB34D067F}.DebugE.Build.0 = DebugE|Win32
		{8A1878D5-2241-4123-863B-B50EB34D067F}.GMax Hybrid.ActiveCfg = Debug|Win32
		{8A1878D5-2241-4123-863B-B50EB34D067F}.GMax Hybrid.Build.0 = Debug|Win32
		{8A1878D5-2241-4123-863B-B50EB34D067F}.GMax Release.ActiveCfg = Release|Win32
		{8A1878D5-2241-4123-863B-B50EB34D067F}.GMax Release.Build.0 = Release|Win32
		{8A1878D5-2241-4123-863B-B50EB34D067F}.Hybrid.ActiveCfg = Debug|Win32
		{8A1878D5-2241-4123-863B-B50EB34D067F}.Hybrid.Build.0 = Debug|Win32
		{8A1878D5-2241-4123-863B-B50EB34D067F}.mainMax4Hybrid.ActiveCfg = Debug|Win32
		{8A1878D5-2241-4123-863B-B50EB34D067F}.mainMax4Hybrid.Build.0 = Debug|Win32
		{8A1878D5-2241-4123-863B-B50EB34D067F}.Max4Release.ActiveCfg = Release|Win32
		{8A1878D5-2241-4123-863B-B50EB34D067F}.Max4Release.Build.0 = Release|Win32
		{8A1878D5-2241-4123-863B-B50EB34D067F}.Profile.ActiveCfg = Profile|Win32
		{8A1878D5-2241-4123-863B-B50EB34D067F}.Profile.Build.0 = Profile|Win32
		{8A1878D5-2241-4123-863B-B50EB34D067F}.ProfileE.ActiveCfg = ProfileE|Win32
		{8A1878D5-2241-4123-863B-B50EB34D067F}.ProfileE.Build.0 = ProfileE|Win32
		{8A1878D5-2241-4123-863B-B50EB34D067F}.Release.ActiveCfg = Release|Win32
		{8A1878D5-2241-4123-863B-B50EB34D067F}.Release.Build.0 = Release|Win32
		{37060F5A-2960-4C32-B5AB-4EE9AD933D66}.Debug.ActiveCfg = Debug|Win32
		{37060F5A-2960-4C32-B5AB-4EE9AD933D66}.Debug.Build.0 = Debug|Win32
		{37060F5A-2960-4C32-B5AB-4EE9AD933D66}.Debug Compressed.ActiveCfg = Debug|Win32
		{37060F5A-2960-4C32-B5AB-4EE9AD933D66}.Debug Compressed.Build.0 = Debug|Win32
		{37060F5A-2960-4C32-B5AB-4EE9AD933D66}.DebugE.ActiveCfg = Debug|Win32
		{37060F5A-2960-4C32-B5AB-4EE9AD933D66}.DebugE.Build.0 = Debug|Win32
		{37060F5A-2960-4C32-B5AB-4EE9AD933D66}.GMax Hybrid.ActiveCfg = Debug|Win32
		{37060F5A-2960-4C32-B5AB-4EE9AD933D66}.GMax Hybrid.Build.0 = Debug|Win32
		{37060F5A-2960-4C32-B5AB-4EE9AD933D66}.GMax Release.ActiveCfg = Release|Win32
		{37060F5A-2960-4C32-B5AB-4EE9AD933D66}.GMax Release.Build.0 = Release|Win32
		{37060F5A-2960-4C32-B5AB-4EE9AD933D66}.Hybrid.ActiveCfg = Debug|Win32
		{37060F5A-2960-4C32-B5AB-4EE9AD933D66}.Hybrid.Build.0 = Debug|Win32
		{37060F5A-2960-4C32-B5AB-4EE9AD933D66}.mainMax4Hybrid.ActiveCfg = Debug|Win32
		{37060F5A-2960-4C32-B5AB-4EE9AD933D66}.mainMax4Hybrid.Build.0 = Debug|Win32
		{37060F5A-2960-4C32-B5AB-4EE9AD933D66}.Max4Release.ActiveCfg = Release|Win32
		{37060F5A-2960-4C32-B5AB-4EE9AD933D66}.Max4Release.Build.0 = Release|Win32
		{37060F5A-2960-4C32-B5AB-4EE9AD933D66}.Profile.ActiveCfg = Profile|Win32
		{37060F5A-2960-4C32-B5AB-4EE9AD933D66}.Profile.Build.0 = Profile|Win32
		{37060F5A-2960-4C32-B5AB-4EE9AD933D66}.ProfileE.ActiveCfg = Profile|Win32
		{37060F5A-2960-4C32-B5AB-4EE9AD933D66}.ProfileE.Build.0 = Profile|Win32
		{37060F5A-2960-4C32-B5AB-4EE9AD933D66}.Release.ActiveCfg = Release|Win32
		{37060F5A-2960-4C32-B5AB-4EE9AD933D66}.Release.Build.0 = Release|Win32
		{15CA3079-996B-44D2-A8C7-5D92279CFA74}.Debug.ActiveCfg = Debug|Win32
		{15CA3079-996B-44D2-A8C7-5D92279CFA74}.Debug.Build.0 = Debug|Win32
		{15CA3079-996B-44D2-A8C7-5D92279CFA74}.Debug Compressed.ActiveCfg = Debug|Win32
		{15CA3079-996B-44D2-A8C7-5D92279CFA74}.Debug Compressed.Build.0 = Debug|Win32
		{15CA3079-996B-44D2-A8C7-5D92279CFA74}.DebugE.ActiveCfg = Debug|Win32
		{15CA3079-996B-44D2-A8C7-5D92279CFA74}.DebugE.Build.0 = Debug|Win32
		{15CA3079-996B-44D2-A8C7-5D92279CFA74}.GMax Hybrid.ActiveCfg = Debug|Win32
		{15CA3079-996B-44D2-A8C7-5D92279CFA74}.GMax Hybrid.Build.0 = Debug|Win32
		{15CA3079-996B-44D2-A8C7-5D92279CFA74}.GMax Release.ActiveCfg = Release|Win32
		{15CA3079-996B-44D2-A8C7-5D92279CFA74}.GMax Release.Build.0 = Release|Win32
		{15CA3079-996B-44D2-A8C7-5D92279CFA74}.Hybrid.ActiveCfg = Debug|Win32
		{15CA3079-996B-44D2-A8C7-5D92279CFA74}.Hybrid.Build.0 = Debug|Win32
		{15CA3079-996B-44D2-A8C7-5D92279CFA74}.mainMax4Hybrid.ActiveCfg = Debug|Win32
		{15CA3079-996B-44D2-A8C7-5D92279CFA74}.mainMax4Hybrid.Build.0 = Debug|Win32
		{15CA3079-996B-44D2-A8C7-5D92279CFA74}.Max4Release.ActiveCfg = Release|Win32
		{15CA3079-996B-44D2-A8C7-5D92279CFA74}.Max4Release.Build.0 = Release|Win32
		{15CA3079-996B-44D2-A8C7-5D92279CFA74}.Profile.ActiveCfg = Profile|Win32
		{15CA3079-996B-44D2-A8C7-5D92279CFA74}.Profile.Build.0 = Profile|Win32
		{15CA3079-996B-44D2-A8C7-5D92279CFA74}.ProfileE.ActiveCfg = Profile|Win32
		{15CA3079-996B-44D2-A8C7-5D92279CFA74}.ProfileE.Build.0 = Profile|Win32
		{15CA3079-996B-44D2-A8C7-5D92279CFA74}.Release.ActiveCfg = Release|Win32
		{15CA3079-996B-44D2-A8C7-5D92279CFA74}.Release.Build.0 = Release|Win32
		{7B92626C-8C24-41AC-8B5B-934B704B7D97}.Debug.ActiveCfg = Debug|Win32
		{7B92626C-8C24-41AC-8B5B-934B704B7D97}.Debug.Build.0 = Debug|Win32
		{7B92626C-8C24-41AC-8B5B-934B704B7D97}.Debug Compressed.ActiveCfg = Debug|Win32
		{7B92626C-8C24-41AC-8B5B-934B704B7D97}.Debug Compressed.Build.0 = Debug|Win32
		{7B92626C-8C24-41AC-8B5B-934B704B7D97}.DebugE.ActiveCfg = Debug|Win32
		{7B92626C-8C24-41AC-8B5B-934B704B7D97}.DebugE.Build.0 = Debug|Win32
		{7B92626C-8C24-41AC-8B5B-934B704B7D97}.GMax Hybrid.ActiveCfg = Debug|Win32
		{7B92626C-8C24-41AC-8B5B-934B704B7D97}.GMax Hybrid.Build.0 = Debug|Win32
		{7B92626C-8C24-41AC-8B5B-934B704B7D97}.GMax Release.ActiveCfg = Release|Win32
		{7B92626C-8C24-41AC-8B5B-934B704B7D97}.GMax Release.Build.0 = Release|Win32
		{7B92626C-8C24-41AC-8B5B-934B704B7D97}.Hybrid.ActiveCfg = Debug|Win32
		{7B92626C-8C24-41AC-8B5B-934B704B7D97}.Hybrid.Build.0 = Debug|Win32
		{7B92626C-8C24-41AC-8B5B-934B704B7D97}.mainMax4Hybrid.ActiveCfg = Debug|Win32
		{7B92626C-8C24-41AC-8B5B-934B704B7D97}.mainMax4Hybrid.Build.0 = Debug|Win32
		{7B92626C-8C24-41AC-8B5B-934B704B7D97}.Max4Release.ActiveCfg = Release|Win32
		{7B92626C-8C24-41AC-8B5B-934B704B7D97}.Max4Release.Build.0 = Release|Win32
		{7B92626C-8C24-41AC-8B5B-934B704B7D97}.Profile.ActiveCfg = Profile|Win32
		{7B92626C-8C24-41AC-8B5B-934B704B7D97}.Profile.Build.0 = Profile|Win32
		{7B92626C-8C24-41AC-8B5B-934B704B7D97}.ProfileE.ActiveCfg = Profile|Win32
		{7B92626C-8C24-41AC-8B5B-934B704B7D97}.ProfileE.Build.0 = Profile|Win32
		{7B92626C-8C24-41AC-8B5B-934B704B7D97}.Release.ActiveCfg = Release|Win32
		{7B92626C-8C24-41AC-8B5B-934B704B7D97}.Release.Build.0 = Release|Win32
	EndGlobalSection
	GlobalSection(ExtensibilityGlobals) = postSolution
	EndGlobalSection
	GlobalSection(ExtensibilityAddIns) = postSolution
	EndGlobalSection
EndGlobal
